
Microsoft Visual Studio Solution File, Format Version 12.00
# Visual Studio Version 17
VisualStudioVersion = 17.0.32014.148
MinimumVisualStudioVersion = 15.2.26430.04
Project("{FAE04EC0-301F-11D3-BF4B-00C04F79EFBC}") = "SubtitleEdit", "src\ui\SubtitleEdit.csproj", "{511A5B59-1C35-4719-8536-23B19AF9B21A}"
EndProject
Project("{FAE04EC0-301F-11D3-BF4B-00C04F79EFBC}") = "Test", "src\Test\Test.csproj", "{7BE5B8E8-9469-4C7C-89D7-E8C884DEFC0E}"
EndProject
Project("{FAE04EC0-301F-11D3-BF4B-00C04F79EFBC}") = "UpdateAssemblyInfo", "src\UpdateAssemblyInfo\UpdateAssemblyInfo.csproj", "{DBD4656C-5F40-4067-A70B-C4460DE20F77}"
EndProject
Project("{FAE04EC0-301F-11D3-BF4B-00C04F79EFBC}") = "UpdateLanguageFiles", "src\UpdateLanguageFiles\UpdateLanguageFiles.csproj", "{36BCA2A7-EE6B-45FD-AF90-D3F76A84DA76}"
EndProject
Project("{FAE04EC0-301F-11D3-BF4B-00C04F79EFBC}") = "UpdateResourceScript", "src\UpdateResourceScript\UpdateResourceScript.csproj", "{2CB9698C-F0A8-42FF-8938-DE047292D5FE}"
EndProject
Project("{2150E333-8FDC-42A3-9474-1A3956D46DE8}") = "Solution Items", "Solution Items", "{B1BB9DD1-0EE8-4D43-AAAB-C39D0CC882A9}"
	ProjectSection(SolutionItems) = preProject
		.gitignore = .gitignore
		appveyor.yml = appveyor.yml
		build.bat = build.bat
		build_beta.bat = build_beta.bat
		build_helpers.bat = build_helpers.bat
		Changelog.txt = Changelog.txt
		LanguageBaseEnglish.xml = LanguageBaseEnglish.xml
		LICENSE.txt = LICENSE.txt
		README.md = README.md
	EndProjectSection
EndProject
Project("{9A19103F-16F7-4668-BE54-9A1E7A4F7556}") = "LibSE", "src\libse\LibSE.csproj", "{D6F64CD3-C3EA-4B36-B575-9B3B8A3CA13F}"
	ProjectSection(ProjectDependencies) = postProject
		{DBD4656C-5F40-4067-A70B-C4460DE20F77} = {DBD4656C-5F40-4067-A70B-C4460DE20F77}
	EndProjectSection
EndProject
Project("{2150E333-8FDC-42A3-9474-1A3956D46DE8}") = "winget", "winget", "{4FE90C81-B6AD-4706-8D1A-C8B1B698DB28}"
	ProjectSection(SolutionItems) = preProject
		winget\Nikse.SubtitleEdit.installer.yaml = winget\Nikse.SubtitleEdit.installer.yaml
		winget\Nikse.SubtitleEdit.locale.en-US.yaml = winget\Nikse.SubtitleEdit.locale.en-US.yaml
		winget\Nikse.SubtitleEdit.yaml = winget\Nikse.SubtitleEdit.yaml
	EndProjectSection
EndProject
Project("{2150E333-8FDC-42A3-9474-1A3956D46DE8}") = "Installer", "Installer", "{7137CF3B-7769-4B10-8719-83B1C41F1CB1}"
	ProjectSection(SolutionItems) = preProject
		installer\Subtitle_Edit_Installer.iss = installer\Subtitle_Edit_Installer.iss
		installer\Subtitle_Edit_Localization.iss = installer\Subtitle_Edit_Localization.iss
	EndProjectSection
EndProject
Project("{2150E333-8FDC-42A3-9474-1A3956D46DE8}") = "Languages", "Languages", "{E5DFF721-5EFC-4E2A-A678-1884B7BF5BE6}"
	ProjectSection(SolutionItems) = preProject
		installer\Languages\Arabic.isl = installer\Languages\Arabic.isl
		installer\Languages\Armenian.isl = installer\Languages\Armenian.isl
		installer\Languages\Basque.isl = installer\Languages\Basque.isl
		installer\Languages\BrazilianPortuguese.isl = installer\Languages\BrazilianPortuguese.isl
		installer\Languages\Bulgarian.isl = installer\Languages\Bulgarian.isl
		installer\Languages\Catalan.isl = installer\Languages\Catalan.isl
		installer\Languages\ChineseSimplified.isl = installer\Languages\ChineseSimplified.isl
		installer\Languages\ChineseTraditional.isl = installer\Languages\ChineseTraditional.isl
		installer\Languages\Corsican.isl = installer\Languages\Corsican.isl
		installer\Languages\Croatian.isl = installer\Languages\Croatian.isl
		installer\Languages\Czech.isl = installer\Languages\Czech.isl
		installer\Languages\Danish.isl = installer\Languages\Danish.isl
		installer\Languages\Dutch.isl = installer\Languages\Dutch.isl
		installer\Languages\Farsi.isl = installer\Languages\Farsi.isl
		installer\Languages\Finnish.isl = installer\Languages\Finnish.isl
		installer\Languages\French.isl = installer\Languages\French.isl
		installer\Languages\German.isl = installer\Languages\German.isl
		installer\Languages\Greek.isl = installer\Languages\Greek.isl
		installer\Languages\Hebrew.isl = installer\Languages\Hebrew.isl
		installer\Languages\Hungarian.isl = installer\Languages\Hungarian.isl
		installer\Languages\Icelandic.isl = installer\Languages\Icelandic.isl
		installer\Languages\Indonesian.isl = installer\Languages\Indonesian.isl
		installer\Languages\Italian.isl = installer\Languages\Italian.isl
		installer\Languages\Japanese.isl = installer\Languages\Japanese.isl
		installer\Languages\Korean.isl = installer\Languages\Korean.isl
		installer\Languages\Macedonian.isl = installer\Languages\Macedonian.isl
		installer\Languages\Norwegian.isl = installer\Languages\Norwegian.isl
		installer\Languages\Polish.isl = installer\Languages\Polish.isl
		installer\Languages\Portuguese.isl = installer\Languages\Portuguese.isl
		installer\Languages\Romanian.isl = installer\Languages\Romanian.isl
		installer\Languages\Russian.isl = installer\Languages\Russian.isl
		installer\Languages\SerbianCyrillic.isl = installer\Languages\SerbianCyrillic.isl
		installer\Languages\SerbianLatin.isl = installer\Languages\SerbianLatin.isl
		installer\Languages\Slovak.isl = installer\Languages\Slovak.isl
		installer\Languages\Slovenian.isl = installer\Languages\Slovenian.isl
		installer\Languages\Spanish.isl = installer\Languages\Spanish.isl
		installer\Languages\Swedish.isl = installer\Languages\Swedish.isl
		installer\Languages\Thai.isl = installer\Languages\Thai.isl
		installer\Languages\Turkish.isl = installer\Languages\Turkish.isl
		installer\Languages\Ukrainian.isl = installer\Languages\Ukrainian.isl
		installer\Languages\Vietnamese.isl = installer\Languages\Vietnamese.isl
	EndProjectSection
EndProject
Global
	GlobalSection(SolutionConfigurationPlatforms) = preSolution
		Debug|Any CPU = Debug|Any CPU
		Release|Any CPU = Release|Any CPU
	EndGlobalSection
	GlobalSection(ProjectConfigurationPlatforms) = postSolution
		{511A5B59-1C35-4719-8536-23B19AF9B21A}.Debug|Any CPU.ActiveCfg = Debug|Any CPU
		{511A5B59-1C35-4719-8536-23B19AF9B21A}.Debug|Any CPU.Build.0 = Debug|Any CPU
		{511A5B59-1C35-4719-8536-23B19AF9B21A}.Release|Any CPU.ActiveCfg = Release|Any CPU
		{511A5B59-1C35-4719-8536-23B19AF9B21A}.Release|Any CPU.Build.0 = Release|Any CPU
		{7BE5B8E8-9469-4C7C-89D7-E8C884DEFC0E}.Debug|Any CPU.ActiveCfg = Debug|Any CPU
		{7BE5B8E8-9469-4C7C-89D7-E8C884DEFC0E}.Debug|Any CPU.Build.0 = Debug|Any CPU
		{7BE5B8E8-9469-4C7C-89D7-E8C884DEFC0E}.Release|Any CPU.ActiveCfg = Release|Any CPU
		{7BE5B8E8-9469-4C7C-89D7-E8C884DEFC0E}.Release|Any CPU.Build.0 = Release|Any CPU
		{DBD4656C-5F40-4067-A70B-C4460DE20F77}.Debug|Any CPU.ActiveCfg = Debug|Any CPU
		{DBD4656C-5F40-4067-A70B-C4460DE20F77}.Debug|Any CPU.Build.0 = Debug|Any CPU
		{DBD4656C-5F40-4067-A70B-C4460DE20F77}.Release|Any CPU.ActiveCfg = Release|Any CPU
		{DBD4656C-5F40-4067-A70B-C4460DE20F77}.Release|Any CPU.Build.0 = Release|Any CPU
		{36BCA2A7-EE6B-45FD-AF90-D3F76A84DA76}.Debug|Any CPU.ActiveCfg = Debug|Any CPU
		{36BCA2A7-EE6B-45FD-AF90-D3F76A84DA76}.Debug|Any CPU.Build.0 = Debug|Any CPU
		{36BCA2A7-EE6B-45FD-AF90-D3F76A84DA76}.Release|Any CPU.ActiveCfg = Release|Any CPU
		{36BCA2A7-EE6B-45FD-AF90-D3F76A84DA76}.Release|Any CPU.Build.0 = Release|Any CPU
		{2CB9698C-F0A8-42FF-8938-DE047292D5FE}.Debug|Any CPU.ActiveCfg = Debug|Any CPU
		{2CB9698C-F0A8-42FF-8938-DE047292D5FE}.Release|Any CPU.ActiveCfg = Release|Any CPU
		{2CB9698C-F0A8-42FF-8938-DE047292D5FE}.Release|Any CPU.Build.0 = Release|Any CPU
		{D6F64CD3-C3EA-4B36-B575-9B3B8A3CA13F}.Debug|Any CPU.ActiveCfg = Debug|Any CPU
		{D6F64CD3-C3EA-4B36-B575-9B3B8A3CA13F}.Debug|Any CPU.Build.0 = Debug|Any CPU
		{D6F64CD3-C3EA-4B36-B575-9B3B8A3CA13F}.Release|Any CPU.ActiveCfg = Release|Any CPU
		{D6F64CD3-C3EA-4B36-B575-9B3B8A3CA13F}.Release|Any CPU.Build.0 = Release|Any CPU
	EndGlobalSection
	GlobalSection(SolutionProperties) = preSolution
		HideSolutionNode = FALSE
	EndGlobalSection
	GlobalSection(NestedProjects) = preSolution
		{4FE90C81-B6AD-4706-8D1A-C8B1B698DB28} = {B1BB9DD1-0EE8-4D43-AAAB-C39D0CC882A9}
		{7137CF3B-7769-4B10-8719-83B1C41F1CB1} = {B1BB9DD1-0EE8-4D43-AAAB-C39D0CC882A9}
		{E5DFF721-5EFC-4E2A-A678-1884B7BF5BE6} = {7137CF3B-7769-4B10-8719-83B1C41F1CB1}
	EndGlobalSection
	GlobalSection(ExtensibilityGlobals) = postSolution
		SolutionGuid = {E12BDE22-B6A4-4AB6-AF96-F3C0F89C15EC}
	EndGlobalSection
	GlobalSection(TestCaseManagementSettings) = postSolution
		CategoryFile = SubtitleEdit.vsmdi
	EndGlobalSection
EndGlobal
