{
  "version": 1,
  "dependencies": {
    "net10.0": {
      "Avalonia": {
        "type": "Direct",
        "requested": "[12.0.2, )",
        "resolved": "12.0.2",
        "contentHash": "852xwfNNAUWE+aKWFackMALAKofcpKnM2g4PN8VKfxG1SO8Stlih7d6QFCbjQl46vuR9WBw/ZVGwn4Ovbj/oxQ==",
        "dependencies": {
          "Avalonia.BuildServices": "11.3.2",
          "Avalonia.Remote.Protocol": "12.0.2",
          "MicroCom.Runtime": "0.11.4"
        }
      },
      "Avalonia.AvaloniaEdit": {
        "type": "Direct",
        "requested": "[12.0.0, )",
        "resolved": "12.0.0",
        "contentHash": "VNfaYdTbiQ2DlSkSMoLg4DhTbQmQR0cFT6nqEqLkaYGLjBWmUdv5BNIuoObK4c9cgzFqnEJXBaOp4R/bxgFKfQ==",
        "dependencies": {
          "Avalonia": "12.0.0"
        }
      },
      "Avalonia.Controls.ColorPicker": {
        "type": "Direct",
        "requested": "[12.0.2, )",
        "resolved": "12.0.2",
        "contentHash": "z0NTksfW9B5xNYhFkhMN285SXg62xQ2Vzzmpxsiq5vv036t2aMgHeIE3tomw99sORnOr0EcpAPgycwzIQ7WRIw==",
        "dependencies": {
          "Avalonia": "12.0.2",
          "Avalonia.Remote.Protocol": "12.0.2"
        }
      },
      "Avalonia.Controls.DataGrid": {
        "type": "Direct",
        "requested": "[12.0.0, )",
        "resolved": "12.0.0",
        "contentHash": "pQ9NiviIoxbZ7fiD/KTdoEHRgdKibKtx8Low3nTrU6ZbvULtesuB65aLL/umjibsGMhzPOveqs/om98QAA5FMg==",
        "dependencies": {
          "Avalonia": "12.0.0"
        }
      },
      "Avalonia.Desktop": {
        "type": "Direct",
        "requested": "[12.0.2, )",
        "resolved": "12.0.2",
        "contentHash": "7Hs7AsEoLh4UHNZnwaAZ5d4db2X0BjdLePuev526tm2ZJIOZGLUxKHvY1GcrWIDO9NBw4Iu3WXBUvsFPZ6vXlQ==",
        "dependencies": {
          "Avalonia": "12.0.2",
          "Avalonia.HarfBuzz": "12.0.2",
          "Avalonia.Native": "12.0.2",
          "Avalonia.Skia": "12.0.2",
          "Avalonia.Win32": "12.0.2",
          "Avalonia.X11": "12.0.2"
        }
      },
      "Avalonia.Fonts.Inter": {
        "type": "Direct",
        "requested": "[12.0.2, )",
        "resolved": "12.0.2",
        "contentHash": "2QEaZc52qqO3W58LfGkcV9V3lX4A6uyIt8zJaSb2ULyeyw9CwdLurJ/bwDcYO3M1dwV7LMDcqjOTuqCf8TIZ0Q==",
        "dependencies": {
          "Avalonia": "12.0.2"
        }
      },
      "Avalonia.Markup.Declarative": {
        "type": "Direct",
        "requested": "[12.0.1, )",
        "resolved": "12.0.1",
        "contentHash": "Cdf0eWIBRz04gBxR6JipflPX7NsNeIoIRPdYpP63cBOfmmrRn/cti00zL71s6CA6DBKaKmOOek/OVTmH2x5FoA==",
        "dependencies": {
          "Avalonia": "12.0.0"
        }
      },
      "Avalonia.Themes.Fluent": {
        "type": "Direct",
        "requested": "[12.0.2, )",
        "resolved": "12.0.2",
        "contentHash": "uEDLnrS7flCulIjWHnW6eiPiUqjxxAOh76suASMpQ0pJ+kntTEua5R1VcIulwZff79ArMqTVPejf7u0cxlVI2A==",
        "dependencies": {
          "Avalonia": "12.0.2"
        }
      },
      "AvaloniaEdit.TextMate": {
        "type": "Direct",
        "requested": "[12.0.0, )",
        "resolved": "12.0.0",
        "contentHash": "FArIpBB2zcraoYqQIPNkevviNtuzKrA5tEVAAE03PboZMy2recf4TJEXk1BfCw7Oo4fBBh7srUqOdK5RNSUNrg==",
        "dependencies": {
          "Avalonia": "12.0.0",
          "Avalonia.AvaloniaEdit": "12.0.0",
          "TextMateSharp": "2.0.3",
          "TextMateSharp.Grammars": "2.0.3"
        }
      },
      "AvaloniaUI.DiagnosticsSupport": {
        "type": "Direct",
        "requested": "[2.2.1, )",
        "resolved": "2.2.1",
        "contentHash": "PXviRj+8t6IT7JdnVhs1EET+VgGB/K1Ju3yL/Q9sXR2YD9NzkIYybyfJG3DPXcTYXpEJZJvxGiCTjH1N8AkLhQ==",
        "dependencies": {
          "Microsoft.Extensions.Logging.Abstractions": "8.0.0",
          "Microsoft.IO.RecyclableMemoryStream": "3.0.1"
        }
      },
      "CommunityToolkit.Mvvm": {
        "type": "Direct",
        "requested": "[8.4.2, )",
        "resolved": "8.4.2",
        "contentHash": "WadCzGEc2U+3e20avRLng4qNtt4zoOGWrdUISqJWrHe3/FSnrYjuM5Sb4yQb09LhkBXrrI4Zt3dLKgRMbItsrg=="
      },
      "Google.Cloud.TextToSpeech.V1": {
        "type": "Direct",
        "requested": "[3.18.0, )",
        "resolved": "3.18.0",
        "contentHash": "54/+RASsfltysLSgpNaSkdSa1uEvKD5Wc8hHFtlSRQtJAh41QNaSqY0LmZfFF+oEZiMBuhB2uq7bwieywttVvQ==",
        "dependencies": {
          "Google.Api.Gax.Grpc": "[4.13.1, 5.0.0)",
          "Google.LongRunning": "[3.5.0, 4.0.0)"
        }
      },
      "Microsoft.Extensions.DependencyInjection": {
        "type": "Direct",
        "requested": "[11.0.0-preview.2.26159.112, )",
        "resolved": "11.0.0-preview.2.26159.112",
        "contentHash": "7H4WuK6zpCTipF/yzkFGtovofSNeBjFMh8GcLWNG8FqHx0vOqHgvDmcg4Zyay3inu/TH272/0WFCsF54B/sFDw==",
        "dependencies": {
          "Microsoft.Extensions.DependencyInjection.Abstractions": "11.0.0-preview.2.26159.112"
        }
      },
      "Microsoft.Extensions.DependencyInjection.Abstractions": {
        "type": "Direct",
        "requested": "[11.0.0-preview.2.26159.112, )",
        "resolved": "11.0.0-preview.2.26159.112",
        "contentHash": "OQXAVaAtsf/HNCFzeby//Q7ibYk8Lf+8dgvRna5mmulHyXU0qPMtERY10CuhBkPdkxS69Dsgk1VjD5e3OF/f3w=="
      },
      "Microsoft.Extensions.Http": {
        "type": "Direct",
        "requested": "[11.0.0-preview.2.26159.112, )",
        "resolved": "11.0.0-preview.2.26159.112",
        "contentHash": "2PnglmrF9iqJBRsQC1HuvE/BbkfbK5JiMsHJ1k6MIVISq57ZyA3d8bLXeXvMyfOBOBX7U5rpiJf9VTkctf3upQ==",
        "dependencies": {
          "Microsoft.Extensions.Configuration.Abstractions": "11.0.0-preview.2.26159.112",
          "Microsoft.Extensions.DependencyInjection.Abstractions": "11.0.0-preview.2.26159.112",
          "Microsoft.Extensions.Diagnostics": "11.0.0-preview.2.26159.112",
          "Microsoft.Extensions.Logging": "11.0.0-preview.2.26159.112",
          "Microsoft.Extensions.Logging.Abstractions": "11.0.0-preview.2.26159.112",
          "Microsoft.Extensions.Options": "11.0.0-preview.2.26159.112"
        }
      },
      "Optris.Icons.Avalonia": {
        "type": "Direct",
        "requested": "[12.0.6, )",
        "resolved": "12.0.6",
        "contentHash": "UN5g1yr0tbhDivEB4LCQT2yDr/MTCBRwfrQYYb4fE4AxJIDuTsswSDa3BNtpaYGcLL+LyREwf1Uyo6dD32wlbg==",
        "dependencies": {
          "Avalonia": "12.0.1"
        }
      },
      "Optris.Icons.Avalonia.FontAwesome": {
        "type": "Direct",
        "requested": "[12.0.6, )",
        "resolved": "12.0.6",
        "contentHash": "vQJdckCzoecLPnTqr9zpG5KcqI0UH4sqCQH753w7E93iN2krIg16Wy6Q25QaAawnngQIwNPDvJCK3uN2x8d+4Q==",
        "dependencies": {
          "Optris.Icons.Avalonia": "12.0.6"
        }
      },
      "Optris.Icons.Avalonia.MaterialDesign": {
        "type": "Direct",
        "requested": "[12.0.6, )",
        "resolved": "12.0.6",
        "contentHash": "xHQVR8nb/l7cBnZbZfhDoKt4ivkF2MTI5Nb+pciHGiwWA0EGdqAlshVmEu3byAfu7OCdVj0l0jFOJegisI68PQ==",
        "dependencies": {
          "Optris.Icons.Avalonia": "12.0.6"
        }
      },
      "SharpCompress": {
        "type": "Direct",
        "requested": "[0.47.4, )",
        "resolved": "0.47.4",
        "contentHash": "0s2rmGFLFQED6ERPUtJiT/KoDsrBzsc+qDoVX1XT4HfAiLZCtV6Z9mHfArBgHVpDErl4Pt9M5VTMVQLPUJw5Kg=="
      },
      "SkiaSharp.HarfBuzz": {
        "type": "Direct",
        "requested": "[3.119.4-preview.1.1, )",
        "resolved": "3.119.4-preview.1.1",
        "contentHash": "pD8JekYl1QcbVA+pC2mRVGwkDJbhhGVPgC/HdagviVCaAsAyVghcdY1m0z4DSRbPjell5NE5ZQmFfWEsM8iUzQ==",
        "dependencies": {
          "HarfBuzzSharp": "8.3.1.5-preview.1.1",
          "SkiaSharp": "3.119.4-preview.1.1"
        }
      },
      "SkiaSharp.NativeAssets.Linux": {
        "type": "Direct",
        "requested": "[3.119.4-preview.1.1, )",
        "resolved": "3.119.4-preview.1.1",
        "contentHash": "rZEnNkds7UWOWCCsi//v3VQ7MWbhqn83J1mCzl9069N1Zza7SXufVvsvpI4qJYUHaRx8ZhAaL0yi3zlKoXaUJw=="
      },
      "TagLibSharp": {
        "type": "Direct",
        "requested": "[2.3.0, )",
        "resolved": "2.3.0",
        "contentHash": "Qo4z6ZjnIfbR3Us1Za5M2vQ97OWZPmODvVmepxZ8XW0UIVLGdO2T63/N3b23kCcyiwuIe0TQvMEQG8wUCCD1mA=="
      },
      "WeCantSpell.Hunspell": {
        "type": "Direct",
        "requested": "[7.0.1, )",
        "resolved": "7.0.1",
        "contentHash": "Ha0x66QWA+IPj2kJYoweA8MSnB1tymBW6kAIS6Kkj/U3SlMLCBPjDlUXzrrY1zJAxVItrGpFIXjkl3eEIYIE9A=="
      },
      "Avalonia.Angle.Windows.Natives": {
        "type": "Transitive",
        "resolved": "2.1.25547.20250602",
        "contentHash": "ZL0VLc4s9rvNNFt19Pxm5UNAkmKNylugAwJPX9ulXZ6JWs/l6XZihPWWTyezaoNOVyEPU8YbURtW7XMAtqXH5A=="
      },
      "Avalonia.BuildServices": {
        "type": "Transitive",
        "resolved": "11.3.2",
        "contentHash": "qHDToxto1e3hci5YqbG9n0Ty8mlp3zBUN5wT66wKqaDVzXyQ0do3EnRILd4Ke9jpvsktaPpgE0YjEk7hornryQ=="
      },
      "Avalonia.FreeDesktop": {
        "type": "Transitive",
        "resolved": "12.0.2",
        "contentHash": "KHionmetHeH7g4M653eNPD+GKFHTpX0xd6daBt+Gj03Y9ztEjD4B/P34bCrG81f+KK8evcx3ZygAC79O4M05GQ==",
        "dependencies": {
          "Avalonia": "12.0.2",
          "Tmds.DBus.Protocol": "0.92.0"
        }
      },
      "Avalonia.FreeDesktop.AtSpi": {
        "type": "Transitive",
        "resolved": "12.0.2",
        "contentHash": "tuo8ry4mFhns6p31RHvCTineppfc8cI0i6J8ifEnmQ5FSHVATTna1tBjyi26ri8qPEX6nmcVgifKTewfpZEMmw==",
        "dependencies": {
          "Avalonia": "12.0.2"
        }
      },
      "Avalonia.HarfBuzz": {
        "type": "Transitive",
        "resolved": "12.0.2",
        "contentHash": "HGqFe/HmWHQGvwtji7827/RDtEgQxvm3zdnCFl/P6XAwnqek8MoJpnISRTid76XzTBDtNlVqp7qjOujSIE0QCw==",
        "dependencies": {
          "Avalonia": "12.0.2",
          "HarfBuzzSharp": "8.3.1.3",
          "HarfBuzzSharp.NativeAssets.Linux": "8.3.1.3",
          "HarfBuzzSharp.NativeAssets.WebAssembly": "8.3.1.3"
        }
      },
      "Avalonia.Native": {
        "type": "Transitive",
        "resolved": "12.0.2",
        "contentHash": "ar8S5eXQY8ttZ3YG5dbtinbC2ltybJU89iwgkpAlLKkV3V7u+4ZXX13o6ilplVyd1lVVSfXgOMvfSMnKQm02Bg==",
        "dependencies": {
          "Avalonia": "12.0.2"
        }
      },
      "Avalonia.Remote.Protocol": {
        "type": "Transitive",
        "resolved": "12.0.2",
        "contentHash": "mlKTvn0cAEQVkRMJunLzDNugZRbtZIksT5yu+XgcAlOvqTHGyZY+mGP+4/+1IwakZx9nrz6SGwI5yrzNT5g0TQ=="
      },
      "Avalonia.Skia": {
        "type": "Transitive",
        "resolved": "12.0.2",
        "contentHash": "rtnB7M3VymQY4ErpPMot37bNoZ67mTk4tCb1mJjQCnTkCYgTx/o0yDvPPBFgLZAmcmHp00BxT5w12GkXTQjDMQ==",
        "dependencies": {
          "Avalonia": "12.0.2",
          "HarfBuzzSharp": "8.3.1.3",
          "HarfBuzzSharp.NativeAssets.Linux": "8.3.1.3",
          "HarfBuzzSharp.NativeAssets.WebAssembly": "8.3.1.3",
          "SkiaSharp": "3.119.4-preview.1.1",
          "SkiaSharp.NativeAssets.Linux": "3.119.4-preview.1.1",
          "SkiaSharp.NativeAssets.WebAssembly": "3.119.4-preview.1.1"
        }
      },
      "Avalonia.Win32": {
        "type": "Transitive",
        "resolved": "12.0.2",
        "contentHash": "gVUm4hyUvrFlocL0ycPZGAiN2TQhTv7vTa1I2nRkq/G/h6b5hKNoURjGfnZnXuPK3OnRENGPJjvZ+A9+0d5Jsg==",
        "dependencies": {
          "Avalonia": "12.0.2",
          "Avalonia.Angle.Windows.Natives": "2.1.25547.20250602"
        }
      },
      "Avalonia.X11": {
        "type": "Transitive",
        "resolved": "12.0.2",
        "contentHash": "FXFYfqjYYUAWqtgxEQl1cUWsH61GwTUojbRWURfmPAGcYYbm+2djrSOki5ppzAKKcm5lOmjoafYaeti39bSGQA==",
        "dependencies": {
          "Avalonia": "12.0.2",
          "Avalonia.FreeDesktop": "12.0.2",
          "Avalonia.FreeDesktop.AtSpi": "12.0.2",
          "Avalonia.Skia": "12.0.2"
        }
      },
      "Google.Api.CommonProtos": {
        "type": "Transitive",
        "resolved": "2.17.0",
        "contentHash": "elfQPknFr495hm7vdy6ZlgyQh6yzZq9TU7sS35L/Fj/fqjM/mUGau9gVJLhvQEtUlPjtR80hpn/m9HvBMyCXIw==",
        "dependencies": {
          "Google.Protobuf": "[3.31.1, 4.0.0]"
        }
      },
      "Google.Api.Gax": {
        "type": "Transitive",
        "resolved": "4.13.1",
        "contentHash": "ujDpZk7O2VqAEIqcSlhH0FKzVpGZWly/qcNjHxpNUrL445Tei9PHnu4V1pwW2WDiMDvo3TpL1Bi4DeU525Afrg==",
        "dependencies": {
          "Microsoft.Bcl.AsyncInterfaces": "6.0.0",
          "Newtonsoft.Json": "13.0.4"
        }
      },
      "Google.Api.Gax.Grpc": {
        "type": "Transitive",
        "resolved": "4.13.1",
        "contentHash": "QgYF0bd8z6xWSVLGkGAMPB70seJSa9J02lFn8LT0Rb7PjSxZYpX+wU6LbVmghxDi6Wd64taulpX37pFq20J61g==",
        "dependencies": {
          "Google.Api.CommonProtos": "2.17.0",
          "Google.Api.Gax": "4.13.1",
          "Google.Apis.Auth": "1.73.0",
          "Grpc.Auth": "[2.71.0, 3.0.0)",
          "Grpc.Core.Api": "[2.71.0, 3.0.0)",
          "Grpc.Net.Client": "[2.71.0, 3.0.0)",
          "Microsoft.Extensions.DependencyInjection.Abstractions": "6.0.0"
        }
      },
      "Google.Apis": {
        "type": "Transitive",
        "resolved": "1.73.0",
        "contentHash": "TnCjEyV2aCLQ6Zl40OCbEJULDuEkEWc6C/g81KYw5l1PqGo+G7pFZrV+YH8XgUL0JRUanz+IrUp8SsKF4dzkqg==",
        "dependencies": {
          "Google.Apis.Core": "1.73.0"
        }
      },
      "Google.Apis.Auth": {
        "type": "Transitive",
        "resolved": "1.73.0",
        "contentHash": "wEu12uhnRv3zrPBSqv4E2vPH6lYLtc1RPAnU9MJRCMFlBVwZ7Lnq3NfbYXi6VG7EurkYInTaMpeBZkbM/HrAog==",
        "dependencies": {
          "Google.Apis": "1.73.0",
          "Google.Apis.Core": "1.73.0",
          "System.Management": "7.0.2"
        }
      },
      "Google.Apis.Core": {
        "type": "Transitive",
        "resolved": "1.73.0",
        "contentHash": "vSc7CY4KCP7HE4QTElDx/ExnGLbg9kXb89MS6cdvI+0D4sxvTYb16vGtXmF2jSDMV3iDmykSXdIUPTz8TDS6gg==",
        "dependencies": {
          "Newtonsoft.Json": "13.0.4"
        }
      },
      "Google.LongRunning": {
        "type": "Transitive",
        "resolved": "3.5.0",
        "contentHash": "W8xO6FA+rG8WjKOsyIjTKjeKLcyCrjBBYeEdZ4QBkKQcxmRczbrfKhKQmdorb2V35CqXeeTbue5Na6Zkgyv8ow==",
        "dependencies": {
          "Google.Api.Gax.Grpc": "[4.12.1, 5.0.0)"
        }
      },
      "Google.Protobuf": {
        "type": "Transitive",
        "resolved": "3.31.1",
        "contentHash": "gSnJbUmGiOTdWddPhqzrEscHq9Ls6sqRDPB9WptckyjTUyx70JOOAaDLkFff8gManZNN3hllQ4aQInnQyq/Z/A=="
      },
      "Grpc.Auth": {
        "type": "Transitive",
        "resolved": "2.71.0",
        "contentHash": "t2aGh/pMgqmc3GimtYfC7VcgVY/VSbk6SLH+61wewsgK45tzxxD9nYYItT5bpLn7fbebirmHXfgJcVKIArd0cg==",
        "dependencies": {
          "Google.Apis.Auth": "1.69.0",
          "Grpc.Core.Api": "2.71.0"
        }
      },
      "Grpc.Core.Api": {
        "type": "Transitive",
        "resolved": "2.71.0",
        "contentHash": "QquqUC37yxsDzd1QaDRsH2+uuznWPTS8CVE2Yzwl3CvU4geTNkolQXoVN812M2IwT6zpv3jsZRc9ExJFNFslTg=="
      },
      "Grpc.Net.Client": {
        "type": "Transitive",
        "resolved": "2.71.0",
        "contentHash": "U1vr20r5ngoT9nlb7wejF28EKN+taMhJsV9XtK9MkiepTZwnKxxiarriiMfCHuDAfPUm9XUjFMn/RIuJ4YY61w==",
        "dependencies": {
          "Grpc.Net.Common": "2.71.0",
          "Microsoft.Extensions.Logging.Abstractions": "6.0.0"
        }
      },
      "Grpc.Net.Common": {
        "type": "Transitive",
        "resolved": "2.71.0",
        "contentHash": "v0c8R97TwRYwNXlC8GyRXwYTCNufpDfUtj9la+wUrZFzVWkFJuNAltU+c0yI3zu0jl54k7en6u2WKgZgd57r2Q==",
        "dependencies": {
          "Grpc.Core.Api": "2.71.0"
        }
      },
      "HarfBuzzSharp": {
        "type": "Transitive",
        "resolved": "8.3.1.5-preview.1.1",
        "contentHash": "jIdGMyk2LJbCG9joGJsZZx6PpQBufLv+JUR0CX4cSNNTkWMdmtApZTvmhjmUJ4/XIJaWhHoncj2Mlndn1K35tw==",
        "dependencies": {
          "HarfBuzzSharp.NativeAssets.Win32": "8.3.1.5-preview.1.1",
          "HarfBuzzSharp.NativeAssets.macOS": "8.3.1.5-preview.1.1"
        }
      },
      "HarfBuzzSharp.NativeAssets.Linux": {
        "type": "Transitive",
        "resolved": "8.3.1.3",
        "contentHash": "RI6A1LgmooU30+4QIyFt5rmBCzP0VzTR+587IJSGvYIsHHWlahFufihYxtraLfsIhW7I8dn6+xX+DZGygOPKWQ=="
      },
      "HarfBuzzSharp.NativeAssets.macOS": {
        "type": "Transitive",
        "resolved": "8.3.1.5-preview.1.1",
        "contentHash": "tdu/NrMadCfLn0doLv8XpXui5sNx+Tze7vwThEVo6KzAsKjEbDkSG2kaSOq9MYVwOwFm0PHnP917tnwm8xEYmw=="
      },
      "HarfBuzzSharp.NativeAssets.WebAssembly": {
        "type": "Transitive",
        "resolved": "8.3.1.3",
        "contentHash": "w2QfdNm9Uz/sUa0B5D+OnVQhyq3G/fBq6ibQMdWBlQqqwh0g0/5j3RFvYqZAmRZ5+RzvjVe8o8SFFnWYUSkuxA=="
      },
      "HarfBuzzSharp.NativeAssets.Win32": {
        "type": "Transitive",
        "resolved": "8.3.1.5-preview.1.1",
        "contentHash": "hIXyXYJm134de3JevjuKbzVRkB/+XfLgoh52yLp+YMplkz2yJAAg8VWsNdFWW4ogWo2tkKd8gcvBopKRUbyZYg=="
      },
      "MicroCom.Runtime": {
        "type": "Transitive",
        "resolved": "0.11.4",
        "contentHash": "yZ8+Lgwo+KtRI29TB2mIOEMzV+csMJ+pKZg4YHReAP3vRewWLKKeYfrBDo5FS69rWnEbCfU3sbM+ZEQr+GDLtg=="
      },
      "Microsoft.Bcl.AsyncInterfaces": {
        "type": "Transitive",
        "resolved": "6.0.0",
        "contentHash": "UcSjPsst+DfAdJGVDsu346FX0ci0ah+lw3WRtn18NUwEqRt70HaOQ7lI72vy3+1LxtqI3T5GWwV39rQSrCzAeg=="
      },
      "Microsoft.Extensions.Configuration": {
        "type": "Transitive",
        "resolved": "11.0.0-preview.2.26159.112",
        "contentHash": "SxjZFpseC15I/KFuYNIrgjs3nRksgr0WC7Z8KrDZutw2nsdzIpMM+bvXKXU9Dy5MvTCxDCp1xcI/gfmH7nw4Eg==",
        "dependencies": {
          "Microsoft.Extensions.Configuration.Abstractions": "11.0.0-preview.2.26159.112",
          "Microsoft.Extensions.Primitives": "11.0.0-preview.2.26159.112"
        }
      },
      "Microsoft.Extensions.Configuration.Abstractions": {
        "type": "Transitive",
        "resolved": "11.0.0-preview.2.26159.112",
        "contentHash": "cv4DpD5pnnaXoI+6pVtaUUwHGv7yVlkWu8nkiIZ0J6dSWYk8SGEqdSvJcASkcShod5cbCUhtzA6nM2KCBrIaKQ==",
        "dependencies": {
          "Microsoft.Extensions.Primitives": "11.0.0-preview.2.26159.112"
        }
      },
      "Microsoft.Extensions.Configuration.Binder": {
        "type": "Transitive",
        "resolved": "11.0.0-preview.2.26159.112",
        "contentHash": "cYTRGy3JYivsoHNGOgLidJ69+7ugkF9aPYQubZXzSjQZIKv265fVh4nEB18h29w4+tg64tB9UooCtY2trZUtLw==",
        "dependencies": {
          "Microsoft.Extensions.Configuration": "11.0.0-preview.2.26159.112",
          "Microsoft.Extensions.Configuration.Abstractions": "11.0.0-preview.2.26159.112"
        }
      },
      "Microsoft.Extensions.Diagnostics": {
        "type": "Transitive",
        "resolved": "11.0.0-preview.2.26159.112",
        "contentHash": "i6NUAXHI52o8r8CScT/Z85WFGBeulsNkV+KwB2jS/kZz48ux2rM/5gF/3cJnRoRtHIl/VnciXuWpPHDK3Q4dIQ==",
        "dependencies": {
          "Microsoft.Extensions.Configuration": "11.0.0-preview.2.26159.112",
          "Microsoft.Extensions.Diagnostics.Abstractions": "11.0.0-preview.2.26159.112",
          "Microsoft.Extensions.Options.ConfigurationExtensions": "11.0.0-preview.2.26159.112"
        }
      },
      "Microsoft.Extensions.Diagnostics.Abstractions": {
        "type": "Transitive",
        "resolved": "11.0.0-preview.2.26159.112",
        "contentHash": "QyErm+xbF2PRNN9SM2tvqrRGfd1x76lG8rHm7LF3CWyQ30N0Z6hL9FbTK+oopVqaf6cqwJvgMjOCMLlmHzNyqw==",
        "dependencies": {
          "Microsoft.Extensions.DependencyInjection.Abstractions": "11.0.0-preview.2.26159.112",
          "Microsoft.Extensions.Options": "11.0.0-preview.2.26159.112",
          "System.Diagnostics.DiagnosticSource": "11.0.0-preview.2.26159.112"
        }
      },
      "Microsoft.Extensions.Logging": {
        "type": "Transitive",
        "resolved": "11.0.0-preview.2.26159.112",
        "contentHash": "cFbgaWaXdGDx54T2FcaGNQPntTaJMl+Tw2pkg5MO0efVJ+qpavmNu9kqhiJN2vcAlTUFFw4GpkeVcZ8BIXzvSQ==",
        "dependencies": {
          "Microsoft.Extensions.DependencyInjection": "11.0.0-preview.2.26159.112",
          "Microsoft.Extensions.Logging.Abstractions": "11.0.0-preview.2.26159.112",
          "Microsoft.Extensions.Options": "11.0.0-preview.2.26159.112"
        }
      },
      "Microsoft.Extensions.Logging.Abstractions": {
        "type": "Transitive",
        "resolved": "11.0.0-preview.2.26159.112",
        "contentHash": "yE3AafH9H/ybiI5USxYfCEexMM7MogTfziE6dgeT5P09nATl8wfk31clavCRALdoF5pDgxMsKxJ7P0XXhjlbYA==",
        "dependencies": {
          "Microsoft.Extensions.DependencyInjection.Abstractions": "11.0.0-preview.2.26159.112",
          "System.Diagnostics.DiagnosticSource": "11.0.0-preview.2.26159.112"
        }
      },
      "Microsoft.Extensions.Options": {
        "type": "Transitive",
        "resolved": "11.0.0-preview.2.26159.112",
        "contentHash": "j+c3ChsPtHUk125Av2B685t6fJrgKI02zCOacFpWxtHVm3LoWwVsBsu+HfByf3hko39N3gni1ZbrB7NI1VJk3g==",
        "dependencies": {
          "Microsoft.Extensions.DependencyInjection.Abstractions": "11.0.0-preview.2.26159.112",
          "Microsoft.Extensions.Primitives": "11.0.0-preview.2.26159.112"
        }
      },
      "Microsoft.Extensions.Options.ConfigurationExtensions": {
        "type": "Transitive",
        "resolved": "11.0.0-preview.2.26159.112",
        "contentHash": "kr/rIDUALfxgKrvCbBJtctKU76Kcq3Rh+RHM7+tI8hPT40mRtVkP2b/ceMhBs7flkKzWMb5weIi/0rXE5yZuuA==",
        "dependencies": {
          "Microsoft.Extensions.Configuration.Abstractions": "11.0.0-preview.2.26159.112",
          "Microsoft.Extensions.Configuration.Binder": "11.0.0-preview.2.26159.112",
          "Microsoft.Extensions.DependencyInjection.Abstractions": "11.0.0-preview.2.26159.112",
          "Microsoft.Extensions.Options": "11.0.0-preview.2.26159.112",
          "Microsoft.Extensions.Primitives": "11.0.0-preview.2.26159.112"
        }
      },
      "Microsoft.Extensions.Primitives": {
        "type": "Transitive",
        "resolved": "11.0.0-preview.2.26159.112",
        "contentHash": "1S1pHUdrdgz8tVgJCgMli0cN3np/k6aLTwYASyQFHhuPrUzq0YaTHzge23BUqgIbKCZSFLzQ2V9LKgxfRsCFeQ=="
      },
      "Microsoft.IO.RecyclableMemoryStream": {
        "type": "Transitive",
        "resolved": "3.0.1",
        "contentHash": "s/s20YTVY9r9TPfTrN5g8zPF1YhwxyqO6PxUkrYTGI2B+OGPe9AdajWZrLhFqXIvqIW23fnUE4+ztrUWNU1+9g=="
      },
      "Newtonsoft.Json": {
        "type": "Transitive",
        "resolved": "13.0.4",
        "contentHash": "pdgNNMai3zv51W5aq268sujXUyx7SNdE2bj1wZcWjAQrKMFZV260lbqYop1d2GM67JI1huLRwxo9ZqnfF/lC6A=="
      },
      "Onigwrap": {
        "type": "Transitive",
        "resolved": "1.0.10",
        "contentHash": "eujNEpEhCl4UiqHTG0CeG/sWS8v/iYXGqUpaVkgBmYRZp3Utmz/aw38fuFL2rcnhj1FNfHwHaxGDeLY34a3nEA=="
      },
      "SkiaSharp": {
        "type": "Transitive",
        "resolved": "3.119.4-preview.1.1",
        "contentHash": "cyRjWksj/SwFWo7uPfpFk0sOPyUcE+FhF6ENFc3Q100sdJWHEA2nU1PcEeT7LsLFKBvDP/67q0A8vEXc4kvXnA==",
        "dependencies": {
          "SkiaSharp.NativeAssets.Win32": "3.119.4-preview.1.1",
          "SkiaSharp.NativeAssets.macOS": "3.119.4-preview.1.1"
        }
      },
      "SkiaSharp.NativeAssets.macOS": {
        "type": "Transitive",
        "resolved": "3.119.4-preview.1.1",
        "contentHash": "77gyFnZD0uU12ABgI6pe8Iw2GRBYGryMP4EaHFs7fniffthVT5sf4PTug4ytwNzLKkVDiLobEpIvAJAj3UXwEw=="
      },
      "SkiaSharp.NativeAssets.WebAssembly": {
        "type": "Transitive",
        "resolved": "3.119.4-preview.1.1",
        "contentHash": "IyNI0QRJGl5sT0Dz2rGHBYVmenNoXcOCaC21avrLG5LwkX8ou0PluW2Hgz7NxHxiRL9D0kPmtoYWrr3uxd1NgA=="
      },
      "SkiaSharp.NativeAssets.Win32": {
        "type": "Transitive",
        "resolved": "3.119.4-preview.1.1",
        "contentHash": "BYwNLG02IAYMsBPgU9lM37xJgCM3B/2X5z1FQEBR34dmn+Hxvcw8X83PInY2rzix7mlbcv7OF8UHjf7yMbsDaA=="
      },
      "System.CodeDom": {
        "type": "Transitive",
        "resolved": "7.0.0",
        "contentHash": "GLltyqEsE5/3IE+zYRP5sNa1l44qKl9v+bfdMcwg+M9qnQf47wK3H0SUR/T+3N4JEQXF3vV4CSuuo0rsg+nq2A=="
      },
      "System.Diagnostics.DiagnosticSource": {
        "type": "Transitive",
        "resolved": "11.0.0-preview.2.26159.112",
        "contentHash": "53nimBaVbzyZjQfi/hx/mRuqtNBGpu1uk7o8P9esiBVWsWz3+cimhT5pE8exQPYEJMDermE2mv5+HtPSo0TkGg=="
      },
      "System.Management": {
        "type": "Transitive",
        "resolved": "7.0.2",
        "contentHash": "/qEUN91mP/MUQmJnM5y5BdT7ZoPuVrtxnFlbJ8a3kBJGhe2wCzBfnPFtK2wTtEEcf3DMGR9J00GZZfg6HRI6yA==",
        "dependencies": {
          "System.CodeDom": "7.0.0"
        }
      },
      "TextMateSharp": {
        "type": "Transitive",
        "resolved": "2.0.3",
        "contentHash": "w0wGeqlBi9SYrzxpS1DBcEfiVCs5NY18Yl5YBIsHzXTXQd0OLOh3mP4LRuFvcktR/1MG8nSBHSMJj0rFvrPk+A==",
        "dependencies": {
          "Onigwrap": "1.0.10"
        }
      },
      "TextMateSharp.Grammars": {
        "type": "Transitive",
        "resolved": "2.0.3",
        "contentHash": "qkI1ogusuyGCGTgeyhljDM+GEfATOexoUTqLIgSb5P0ojmfhRXWfSTRXXJRpZkLDErShJ7RWOb+p10lHfhhO+Q==",
        "dependencies": {
          "TextMateSharp": "2.0.3"
        }
      },
      "Tmds.DBus.Protocol": {
        "type": "Transitive",
        "resolved": "0.92.0",
        "contentHash": "h7IMakm0PF2jxiagoysoAjrzzLQ0UBdnSXQL5kb17YW0Fvyo12Tg96A99QkzwktWRrd7H+Uw9EzjasNLUfGYlA=="
      },
      "UTF.Unknown": {
        "type": "Transitive",
        "resolved": "2.6.0",
        "contentHash": "YmmUcR9XKh3twmSjq6l0HD7qm7bj3X+gXCsdkWwpiuiB4wzGDJuCOneOQ3NvwQQEMqNeyVZOPO/EwFD4fuUoOQ=="
      },
      "libse": {
        "type": "Project",
        "dependencies": {
          "SkiaSharp": "[3.119.4-preview.1.1, )",
          "UTF.Unknown": "[2.6.0, )"
        }
      },
      "libuilogic": {
        "type": "Project",
        "dependencies": {
          "CommunityToolkit.Mvvm": "[8.4.2, )",
          "SkiaSharp.HarfBuzz": "[3.119.4-preview.1.1, )",
          "libse": "[1.0.0, )"
        }
      }
    }
  }
}