{
  "version": 1,
  "dependencies": {
    "net10.0": {
      "Avalonia": {
        "type": "Direct",
        "requested": "[12.0.1, )",
        "resolved": "12.0.1",
        "contentHash": "4OK0u9EdD3ukqA3qTwwTQ7MnRMj+gzBgm/KmpbYRdRTd94OzcioTRnHrc5PJo94SfMEYKq2rfpO3nq9Jddet+w==",
        "dependencies": {
          "Avalonia.BuildServices": "11.3.2",
          "Avalonia.Remote.Protocol": "12.0.1",
          "MicroCom.Runtime": "0.11.4"
        }
      },
      "Avalonia.AvaloniaEdit": {
        "type": "Direct",
        "requested": "[12.0.0, )",
        "resolved": "12.0.0",
        "contentHash": "VNfaYdTbiQ2DlSkSMoLg4DhTbQmQR0cFT6nqEqLkaYGLjBWmUdv5BNIuoObK4c9cgzFqnEJXBaOp4R/bxgFKfQ==",
        "dependencies": {
          "Avalonia": "12.0.0"
        }
      },
      "Avalonia.Controls.ColorPicker": {
        "type": "Direct",
        "requested": "[12.0.1, )",
        "resolved": "12.0.1",
        "contentHash": "ZQQiTwFZoMFLBlc+vSXENu66OO4wf4c6Rbj2+BM7YKDx4DXCxoWnck51JpvjM/egXqcclttAAIb+/8lVvJXXCw==",
        "dependencies": {
          "Avalonia": "12.0.1",
          "Avalonia.Remote.Protocol": "12.0.1"
        }
      },
      "Avalonia.Controls.DataGrid": {
        "type": "Direct",
        "requested": "[12.0.0, )",
        "resolved": "12.0.0",
        "contentHash": "pQ9NiviIoxbZ7fiD/KTdoEHRgdKibKtx8Low3nTrU6ZbvULtesuB65aLL/umjibsGMhzPOveqs/om98QAA5FMg==",
        "dependencies": {
          "Avalonia": "12.0.0"
        }
      },
      "Avalonia.Desktop": {
        "type": "Direct",
        "requested": "[12.0.1, )",
        "resolved": "12.0.1",
        "contentHash": "jSjO026cA8IqgXszxlcdTkaOM60veMjFgA/D6eqEYLwtLvho/72hdzLeOj/qzgF+ZgEo40gmDKca2Se5VkqlNQ==",
        "dependencies": {
          "Avalonia": "12.0.1",
          "Avalonia.HarfBuzz": "12.0.1",
          "Avalonia.Native": "12.0.1",
          "Avalonia.Skia": "12.0.1",
          "Avalonia.Win32": "12.0.1",
          "Avalonia.X11": "12.0.1"
        }
      },
      "Avalonia.Fonts.Inter": {
        "type": "Direct",
        "requested": "[12.0.1, )",
        "resolved": "12.0.1",
        "contentHash": "Pm7Xb9fMpjM4i1cpUGtpDtxkMC/oVfijaT93cPl30LPUKPYPbpwm1jkrYwtWLtEr/xTgbUmxyZZvJd0cV9oF8g==",
        "dependencies": {
          "Avalonia": "12.0.1"
        }
      },
      "Avalonia.Markup.Declarative": {
        "type": "Direct",
        "requested": "[12.0.1, )",
        "resolved": "12.0.1",
        "contentHash": "Cdf0eWIBRz04gBxR6JipflPX7NsNeIoIRPdYpP63cBOfmmrRn/cti00zL71s6CA6DBKaKmOOek/OVTmH2x5FoA==",
        "dependencies": {
          "Avalonia": "12.0.0"
        }
      },
      "Avalonia.Themes.Fluent": {
        "type": "Direct",
        "requested": "[12.0.1, )",
        "resolved": "12.0.1",
        "contentHash": "/vfTVnz0mZR91cDQn5dHKzngLV0OfCZ0i/uT01uxKu6jqyaPbRwpO68d07N0d6ll6hnvdfySfP4lDY7JWtqr4A==",
        "dependencies": {
          "Avalonia": "12.0.1"
        }
      },
      "AvaloniaEdit.TextMate": {
        "type": "Direct",
        "requested": "[12.0.0, )",
        "resolved": "12.0.0",
        "contentHash": "FArIpBB2zcraoYqQIPNkevviNtuzKrA5tEVAAE03PboZMy2recf4TJEXk1BfCw7Oo4fBBh7srUqOdK5RNSUNrg==",
        "dependencies": {
          "Avalonia": "12.0.0",
          "Avalonia.AvaloniaEdit": "12.0.0",
          "TextMateSharp": "2.0.3",
          "TextMateSharp.Grammars": "2.0.3"
        }
      },
      "AvaloniaUI.DiagnosticsSupport": {
        "type": "Direct",
        "requested": "[2.2.1, )",
        "resolved": "2.2.1",
        "contentHash": "PXviRj+8t6IT7JdnVhs1EET+VgGB/K1Ju3yL/Q9sXR2YD9NzkIYybyfJG3DPXcTYXpEJZJvxGiCTjH1N8AkLhQ==",
        "dependencies": {
          "Microsoft.Extensions.Logging.Abstractions": "8.0.0",
          "Microsoft.IO.RecyclableMemoryStream": "3.0.1"
        }
      },
      "CommunityToolkit.Mvvm": {
        "type": "Direct",
        "requested": "[8.4.2, )",
        "resolved": "8.4.2",
        "contentHash": "WadCzGEc2U+3e20avRLng4qNtt4zoOGWrdUISqJWrHe3/FSnrYjuM5Sb4yQb09LhkBXrrI4Zt3dLKgRMbItsrg=="
      },
      "Google.Cloud.TextToSpeech.V1": {
        "type": "Direct",
        "requested": "[3.18.0, )",
        "resolved": "3.18.0",
        "contentHash": "54/+RASsfltysLSgpNaSkdSa1uEvKD5Wc8hHFtlSRQtJAh41QNaSqY0LmZfFF+oEZiMBuhB2uq7bwieywttVvQ==",
        "dependencies": {
          "Google.Api.Gax.Grpc": "[4.13.1, 5.0.0)",
          "Google.LongRunning": "[3.5.0, 4.0.0)"
        }
      },
      "Microsoft.Extensions.DependencyInjection": {
        "type": "Direct",
        "requested": "[11.0.0-preview.2.26159.112, )",
        "resolved": "11.0.0-preview.2.26159.112",
        "contentHash": "7H4WuK6zpCTipF/yzkFGtovofSNeBjFMh8GcLWNG8FqHx0vOqHgvDmcg4Zyay3inu/TH272/0WFCsF54B/sFDw==",
        "dependencies": {
          "Microsoft.Extensions.DependencyInjection.Abstractions": "11.0.0-preview.2.26159.112"
        }
      },
      "Microsoft.Extensions.DependencyInjection.Abstractions": {
        "type": "Direct",
        "requested": "[11.0.0-preview.2.26159.112, )",
        "resolved": "11.0.0-preview.2.26159.112",
        "contentHash": "OQXAVaAtsf/HNCFzeby//Q7ibYk8Lf+8dgvRna5mmulHyXU0qPMtERY10CuhBkPdkxS69Dsgk1VjD5e3OF/f3w=="
      },
      "Microsoft.Extensions.Http": {
        "type": "Direct",
        "requested": "[11.0.0-preview.2.26159.112, )",
        "resolved": "11.0.0-preview.2.26159.112",
        "contentHash": "2PnglmrF9iqJBRsQC1HuvE/BbkfbK5JiMsHJ1k6MIVISq57ZyA3d8bLXeXvMyfOBOBX7U5rpiJf9VTkctf3upQ==",
        "dependencies": {
          "Microsoft.Extensions.Configuration.Abstractions": "11.0.0-preview.2.26159.112",
          "Microsoft.Extensions.DependencyInjection.Abstractions": "11.0.0-preview.2.26159.112",
          "Microsoft.Extensions.Diagnostics": "11.0.0-preview.2.26159.112",
          "Microsoft.Extensions.Logging": "11.0.0-preview.2.26159.112",
          "Microsoft.Extensions.Logging.Abstractions": "11.0.0-preview.2.26159.112",
          "Microsoft.Extensions.Options": "11.0.0-preview.2.26159.112"
        }
      },
      "Optris.Icons.Avalonia": {
        "type": "Direct",
        "requested": "[12.0.5, )",
        "resolved": "12.0.5",
        "contentHash": "NOU4sQe4LbmwkmoQp50bNLwynAfqDekucf0G2NcYn1wt9tCFd30yx2zfFBrfGw8eyciG2Y5vMH5ipViYX6K5YA==",
        "dependencies": {
          "Avalonia": "12.0.1"
        }
      },
      "Optris.Icons.Avalonia.FontAwesome": {
        "type": "Direct",
        "requested": "[12.0.5, )",
        "resolved": "12.0.5",
        "contentHash": "L5bAOTC1fvOddEyEfV2lDjBoef0hlwHozK4INaR49IO9w6lZzsaCfA2tpmHToXSQq7gBE0GeErkFRKj+fAFxTg==",
        "dependencies": {
          "Optris.Icons.Avalonia": "12.0.5"
        }
      },
      "Optris.Icons.Avalonia.MaterialDesign": {
        "type": "Direct",
        "requested": "[12.0.5, )",
        "resolved": "12.0.5",
        "contentHash": "SB8SfIxm6UVNuskk4xDKrAq/2+cQxEJm/d1xih0jfpQTQULLP9ipEbuQJ8AWK5y3dVjkjUsLt3quPruYWkgvkQ==",
        "dependencies": {
          "Optris.Icons.Avalonia": "12.0.5"
        }
      },
      "SharpCompress": {
        "type": "Direct",
        "requested": "[0.47.4, )",
        "resolved": "0.47.4",
        "contentHash": "0s2rmGFLFQED6ERPUtJiT/KoDsrBzsc+qDoVX1XT4HfAiLZCtV6Z9mHfArBgHVpDErl4Pt9M5VTMVQLPUJw5Kg=="
      },
      "SkiaSharp.HarfBuzz": {
        "type": "Direct",
        "requested": "[3.119.1, )",
        "resolved": "3.119.1",
        "contentHash": "+Lu9kCmxgEJVUeIljhEOgrB4dr4iwPP08jgswKk3bGPUwInmqDGUUriMoYD9prFlVa0wOWDLG/hfl3HIHNJHRg==",
        "dependencies": {
          "HarfBuzzSharp": "8.3.1.2",
          "SkiaSharp": "3.119.1"
        }
      },
      "SkiaSharp.NativeAssets.Linux": {
        "type": "Direct",
        "requested": "[3.119.3-preview.1.1, )",
        "resolved": "3.119.3-preview.1.1",
        "contentHash": "ZvpglyfQzhVIUmnPGngliPYcg6ROJNs0BV7XwJ+kktdqY0qe8jifP+UUgaMqTlOTjvuvyCbV7AI4qIBUfRe3Vw=="
      },
      "WeCantSpell.Hunspell": {
        "type": "Direct",
        "requested": "[7.0.1, )",
        "resolved": "7.0.1",
        "contentHash": "Ha0x66QWA+IPj2kJYoweA8MSnB1tymBW6kAIS6Kkj/U3SlMLCBPjDlUXzrrY1zJAxVItrGpFIXjkl3eEIYIE9A=="
      },
      "Avalonia.Angle.Windows.Natives": {
        "type": "Transitive",
        "resolved": "2.1.25547.20250602",
        "contentHash": "ZL0VLc4s9rvNNFt19Pxm5UNAkmKNylugAwJPX9ulXZ6JWs/l6XZihPWWTyezaoNOVyEPU8YbURtW7XMAtqXH5A=="
      },
      "Avalonia.BuildServices": {
        "type": "Transitive",
        "resolved": "11.3.2",
        "contentHash": "qHDToxto1e3hci5YqbG9n0Ty8mlp3zBUN5wT66wKqaDVzXyQ0do3EnRILd4Ke9jpvsktaPpgE0YjEk7hornryQ=="
      },
      "Avalonia.FreeDesktop": {
        "type": "Transitive",
        "resolved": "12.0.1",
        "contentHash": "BbYDbu3hEwv2stkLlCh8/+2Y94IjdyxQNj8wQVAiKton2yZEmnwYpBRfQ8v/q7I6BjIJing6dofZk8IG/i82/g==",
        "dependencies": {
          "Avalonia": "12.0.1",
          "Tmds.DBus.Protocol": "0.92.0"
        }
      },
      "Avalonia.FreeDesktop.AtSpi": {
        "type": "Transitive",
        "resolved": "12.0.1",
        "contentHash": "cswoLoW/QkCQ9X/CRUTscLYS1OgUSAf67N/7BucENwaNX+lQoTPOS4dd8aD+cQjcSPEctc9SH11D4dW1hPx5vw==",
        "dependencies": {
          "Avalonia": "12.0.1"
        }
      },
      "Avalonia.HarfBuzz": {
        "type": "Transitive",
        "resolved": "12.0.1",
        "contentHash": "17A+VIAeIGsYqZSK/ydYzZbbzatBDj2Ls8aF/ZVo6OdeN5W+J9eAQGhS1wPw/GIkGuOkRPBSVwicFXIFCDf/kA==",
        "dependencies": {
          "Avalonia": "12.0.1",
          "HarfBuzzSharp": "8.3.1.3",
          "HarfBuzzSharp.NativeAssets.Linux": "8.3.1.3",
          "HarfBuzzSharp.NativeAssets.WebAssembly": "8.3.1.3"
        }
      },
      "Avalonia.Native": {
        "type": "Transitive",
        "resolved": "12.0.1",
        "contentHash": "RmMRxAMsZDbouQEZtayAR1JBhQ/CSYKpmjyQocAIjUtOWprifueBigr685VCt5TNJRGPPY0OZbDvD8aVpMNUbw==",
        "dependencies": {
          "Avalonia": "12.0.1"
        }
      },
      "Avalonia.Remote.Protocol": {
        "type": "Transitive",
        "resolved": "12.0.1",
        "contentHash": "8rqhNyde2I/JiW2TjQ8AkUoRclynr0e8yFXKB8VhehA07ejthx4Bnmt3k1DTSlpwTXbM0FRgYAtB1bTlUc6rgg=="
      },
      "Avalonia.Skia": {
        "type": "Transitive",
        "resolved": "12.0.1",
        "contentHash": "T850YAUgHpkRX4d3RkfH1ewabA2aLTgdGK+f4hyqeGhZlJYmMs6YjVps266wvr+MggAVUCZ601OLQd9KVfJb6g==",
        "dependencies": {
          "Avalonia": "12.0.1",
          "HarfBuzzSharp": "8.3.1.3",
          "HarfBuzzSharp.NativeAssets.Linux": "8.3.1.3",
          "HarfBuzzSharp.NativeAssets.WebAssembly": "8.3.1.3",
          "SkiaSharp": "3.119.3-preview.1.1",
          "SkiaSharp.NativeAssets.Linux": "3.119.3-preview.1.1",
          "SkiaSharp.NativeAssets.WebAssembly": "3.119.3-preview.1.1"
        }
      },
      "Avalonia.Win32": {
        "type": "Transitive",
        "resolved": "12.0.1",
        "contentHash": "7ETmt7DUlpmGiGRP923B+O8T+I5xjA9yYlUROMAa5Om/IfMutUndj2GOd6RGYw2O9yMgEKJuU0sIumqfB9lAFg==",
        "dependencies": {
          "Avalonia": "12.0.1",
          "Avalonia.Angle.Windows.Natives": "2.1.25547.20250602"
        }
      },
      "Avalonia.X11": {
        "type": "Transitive",
        "resolved": "12.0.1",
        "contentHash": "8YipKW4Icadwv3og4Fyf2Gj1ISHDjVRy/2qUgWkJTYK9/pXvB0zVsHv96ktWM7CIlpCq1VHkSrrVhnpeQUcXEw==",
        "dependencies": {
          "Avalonia": "12.0.1",
          "Avalonia.FreeDesktop": "12.0.1",
          "Avalonia.FreeDesktop.AtSpi": "12.0.1",
          "Avalonia.Skia": "12.0.1"
        }
      },
      "Google.Api.CommonProtos": {
        "type": "Transitive",
        "resolved": "2.17.0",
        "contentHash": "elfQPknFr495hm7vdy6ZlgyQh6yzZq9TU7sS35L/Fj/fqjM/mUGau9gVJLhvQEtUlPjtR80hpn/m9HvBMyCXIw==",
        "dependencies": {
          "Google.Protobuf": "[3.31.1, 4.0.0]"
        }
      },
      "Google.Api.Gax": {
        "type": "Transitive",
        "resolved": "4.13.1",
        "contentHash": "ujDpZk7O2VqAEIqcSlhH0FKzVpGZWly/qcNjHxpNUrL445Tei9PHnu4V1pwW2WDiMDvo3TpL1Bi4DeU525Afrg==",
        "dependencies": {
          "Microsoft.Bcl.AsyncInterfaces": "6.0.0",
          "Newtonsoft.Json": "13.0.4"
        }
      },
      "Google.Api.Gax.Grpc": {
        "type": "Transitive",
        "resolved": "4.13.1",
        "contentHash": "QgYF0bd8z6xWSVLGkGAMPB70seJSa9J02lFn8LT0Rb7PjSxZYpX+wU6LbVmghxDi6Wd64taulpX37pFq20J61g==",
        "dependencies": {
          "Google.Api.CommonProtos": "2.17.0",
          "Google.Api.Gax": "4.13.1",
          "Google.Apis.Auth": "1.73.0",
          "Grpc.Auth": "[2.71.0, 3.0.0)",
          "Grpc.Core.Api": "[2.71.0, 3.0.0)",
          "Grpc.Net.Client": "[2.71.0, 3.0.0)",
          "Microsoft.Extensions.DependencyInjection.Abstractions": "6.0.0"
        }
      },
      "Google.Apis": {
        "type": "Transitive",
        "resolved": "1.73.0",
        "contentHash": "TnCjEyV2aCLQ6Zl40OCbEJULDuEkEWc6C/g81KYw5l1PqGo+G7pFZrV+YH8XgUL0JRUanz+IrUp8SsKF4dzkqg==",
        "dependencies": {
          "Google.Apis.Core": "1.73.0"
        }
      },
      "Google.Apis.Auth": {
        "type": "Transitive",
        "resolved": "1.73.0",
        "contentHash": "wEu12uhnRv3zrPBSqv4E2vPH6lYLtc1RPAnU9MJRCMFlBVwZ7Lnq3NfbYXi6VG7EurkYInTaMpeBZkbM/HrAog==",
        "dependencies": {
          "Google.Apis": "1.73.0",
          "Google.Apis.Core": "1.73.0",
          "System.Management": "7.0.2"
        }
      },
      "Google.Apis.Core": {
        "type": "Transitive",
        "resolved": "1.73.0",
        "contentHash": "vSc7CY4KCP7HE4QTElDx/ExnGLbg9kXb89MS6cdvI+0D4sxvTYb16vGtXmF2jSDMV3iDmykSXdIUPTz8TDS6gg==",
        "dependencies": {
          "Newtonsoft.Json": "13.0.4"
        }
      },
      "Google.LongRunning": {
        "type": "Transitive",
        "resolved": "3.5.0",
        "contentHash": "W8xO6FA+rG8WjKOsyIjTKjeKLcyCrjBBYeEdZ4QBkKQcxmRczbrfKhKQmdorb2V35CqXeeTbue5Na6Zkgyv8ow==",
        "dependencies": {
          "Google.Api.Gax.Grpc": "[4.12.1, 5.0.0)"
        }
      },
      "Google.Protobuf": {
        "type": "Transitive",
        "resolved": "3.31.1",
        "contentHash": "gSnJbUmGiOTdWddPhqzrEscHq9Ls6sqRDPB9WptckyjTUyx70JOOAaDLkFff8gManZNN3hllQ4aQInnQyq/Z/A=="
      },
      "Grpc.Auth": {
        "type": "Transitive",
        "resolved": "2.71.0",
        "contentHash": "t2aGh/pMgqmc3GimtYfC7VcgVY/VSbk6SLH+61wewsgK45tzxxD9nYYItT5bpLn7fbebirmHXfgJcVKIArd0cg==",
        "dependencies": {
          "Google.Apis.Auth": "1.69.0",
          "Grpc.Core.Api": "2.71.0"
        }
      },
      "Grpc.Core.Api": {
        "type": "Transitive",
        "resolved": "2.71.0",
        "contentHash": "QquqUC37yxsDzd1QaDRsH2+uuznWPTS8CVE2Yzwl3CvU4geTNkolQXoVN812M2IwT6zpv3jsZRc9ExJFNFslTg=="
      },
      "Grpc.Net.Client": {
        "type": "Transitive",
        "resolved": "2.71.0",
        "contentHash": "U1vr20r5ngoT9nlb7wejF28EKN+taMhJsV9XtK9MkiepTZwnKxxiarriiMfCHuDAfPUm9XUjFMn/RIuJ4YY61w==",
        "dependencies": {
          "Grpc.Net.Common": "2.71.0",
          "Microsoft.Extensions.Logging.Abstractions": "6.0.0"
        }
      },
      "Grpc.Net.Common": {
        "type": "Transitive",
        "resolved": "2.71.0",
        "contentHash": "v0c8R97TwRYwNXlC8GyRXwYTCNufpDfUtj9la+wUrZFzVWkFJuNAltU+c0yI3zu0jl54k7en6u2WKgZgd57r2Q==",
        "dependencies": {
          "Grpc.Core.Api": "2.71.0"
        }
      },
      "HarfBuzzSharp": {
        "type": "Transitive",
        "resolved": "8.3.1.3",
        "contentHash": "NGZ2+ZVNPM+NdHB/asW0/ykWngyHWwcqjrbN2nDeH1B/aptPGlCUl8wkQ2cSJxw5fdWgdmIPmNuTPWpLwNVXWg==",
        "dependencies": {
          "HarfBuzzSharp.NativeAssets.Win32": "8.3.1.3",
          "HarfBuzzSharp.NativeAssets.macOS": "8.3.1.3"
        }
      },
      "HarfBuzzSharp.NativeAssets.Linux": {
        "type": "Transitive",
        "resolved": "8.3.1.3",
        "contentHash": "RI6A1LgmooU30+4QIyFt5rmBCzP0VzTR+587IJSGvYIsHHWlahFufihYxtraLfsIhW7I8dn6+xX+DZGygOPKWQ=="
      },
      "HarfBuzzSharp.NativeAssets.macOS": {
        "type": "Transitive",
        "resolved": "8.3.1.3",
        "contentHash": "KPTq0xnslkI6nAo0jh3ptcQPJvZZr7MWYXa2jUe4SnHc9q+JlHElmNXp0sfFoiTgoCX7WOYpYsurypuH9Gehxw=="
      },
      "HarfBuzzSharp.NativeAssets.WebAssembly": {
        "type": "Transitive",
        "resolved": "8.3.1.3",
        "contentHash": "w2QfdNm9Uz/sUa0B5D+OnVQhyq3G/fBq6ibQMdWBlQqqwh0g0/5j3RFvYqZAmRZ5+RzvjVe8o8SFFnWYUSkuxA=="
      },
      "HarfBuzzSharp.NativeAssets.Win32": {
        "type": "Transitive",
        "resolved": "8.3.1.3",
        "contentHash": "bx8CE8Js+XGX8PUxAHCBDEORt5aaBYtMN4Hr9QFs57Xithh6yjUyYqksizH6eRDhJkwsGI+SXWmPmMm8lZC9Pw=="
      },
      "MicroCom.Runtime": {
        "type": "Transitive",
        "resolved": "0.11.4",
        "contentHash": "yZ8+Lgwo+KtRI29TB2mIOEMzV+csMJ+pKZg4YHReAP3vRewWLKKeYfrBDo5FS69rWnEbCfU3sbM+ZEQr+GDLtg=="
      },
      "Microsoft.Bcl.AsyncInterfaces": {
        "type": "Transitive",
        "resolved": "6.0.0",
        "contentHash": "UcSjPsst+DfAdJGVDsu346FX0ci0ah+lw3WRtn18NUwEqRt70HaOQ7lI72vy3+1LxtqI3T5GWwV39rQSrCzAeg=="
      },
      "Microsoft.Extensions.Configuration": {
        "type": "Transitive",
        "resolved": "11.0.0-preview.2.26159.112",
        "contentHash": "SxjZFpseC15I/KFuYNIrgjs3nRksgr0WC7Z8KrDZutw2nsdzIpMM+bvXKXU9Dy5MvTCxDCp1xcI/gfmH7nw4Eg==",
        "dependencies": {
          "Microsoft.Extensions.Configuration.Abstractions": "11.0.0-preview.2.26159.112",
          "Microsoft.Extensions.Primitives": "11.0.0-preview.2.26159.112"
        }
      },
      "Microsoft.Extensions.Configuration.Abstractions": {
        "type": "Transitive",
        "resolved": "11.0.0-preview.2.26159.112",
        "contentHash": "cv4DpD5pnnaXoI+6pVtaUUwHGv7yVlkWu8nkiIZ0J6dSWYk8SGEqdSvJcASkcShod5cbCUhtzA6nM2KCBrIaKQ==",
        "dependencies": {
          "Microsoft.Extensions.Primitives": "11.0.0-preview.2.26159.112"
        }
      },
      "Microsoft.Extensions.Configuration.Binder": {
        "type": "Transitive",
        "resolved": "11.0.0-preview.2.26159.112",
        "contentHash": "cYTRGy3JYivsoHNGOgLidJ69+7ugkF9aPYQubZXzSjQZIKv265fVh4nEB18h29w4+tg64tB9UooCtY2trZUtLw==",
        "dependencies": {
          "Microsoft.Extensions.Configuration": "11.0.0-preview.2.26159.112",
          "Microsoft.Extensions.Configuration.Abstractions": "11.0.0-preview.2.26159.112"
        }
      },
      "Microsoft.Extensions.Diagnostics": {
        "type": "Transitive",
        "resolved": "11.0.0-preview.2.26159.112",
        "contentHash": "i6NUAXHI52o8r8CScT/Z85WFGBeulsNkV+KwB2jS/kZz48ux2rM/5gF/3cJnRoRtHIl/VnciXuWpPHDK3Q4dIQ==",
        "dependencies": {
          "Microsoft.Extensions.Configuration": "11.0.0-preview.2.26159.112",
          "Microsoft.Extensions.Diagnostics.Abstractions": "11.0.0-preview.2.26159.112",
          "Microsoft.Extensions.Options.ConfigurationExtensions": "11.0.0-preview.2.26159.112"
        }
      },
      "Microsoft.Extensions.Diagnostics.Abstractions": {
        "type": "Transitive",
        "resolved": "11.0.0-preview.2.26159.112",
        "contentHash": "QyErm+xbF2PRNN9SM2tvqrRGfd1x76lG8rHm7LF3CWyQ30N0Z6hL9FbTK+oopVqaf6cqwJvgMjOCMLlmHzNyqw==",
        "dependencies": {
          "Microsoft.Extensions.DependencyInjection.Abstractions": "11.0.0-preview.2.26159.112",
          "Microsoft.Extensions.Options": "11.0.0-preview.2.26159.112",
          "System.Diagnostics.DiagnosticSource": "11.0.0-preview.2.26159.112"
        }
      },
      "Microsoft.Extensions.Logging": {
        "type": "Transitive",
        "resolved": "11.0.0-preview.2.26159.112",
        "contentHash": "cFbgaWaXdGDx54T2FcaGNQPntTaJMl+Tw2pkg5MO0efVJ+qpavmNu9kqhiJN2vcAlTUFFw4GpkeVcZ8BIXzvSQ==",
        "dependencies": {
          "Microsoft.Extensions.DependencyInjection": "11.0.0-preview.2.26159.112",
          "Microsoft.Extensions.Logging.Abstractions": "11.0.0-preview.2.26159.112",
          "Microsoft.Extensions.Options": "11.0.0-preview.2.26159.112"
        }
      },
      "Microsoft.Extensions.Logging.Abstractions": {
        "type": "Transitive",
        "resolved": "11.0.0-preview.2.26159.112",
        "contentHash": "yE3AafH9H/ybiI5USxYfCEexMM7MogTfziE6dgeT5P09nATl8wfk31clavCRALdoF5pDgxMsKxJ7P0XXhjlbYA==",
        "dependencies": {
          "Microsoft.Extensions.DependencyInjection.Abstractions": "11.0.0-preview.2.26159.112",
          "System.Diagnostics.DiagnosticSource": "11.0.0-preview.2.26159.112"
        }
      },
      "Microsoft.Extensions.Options": {
        "type": "Transitive",
        "resolved": "11.0.0-preview.2.26159.112",
        "contentHash": "j+c3ChsPtHUk125Av2B685t6fJrgKI02zCOacFpWxtHVm3LoWwVsBsu+HfByf3hko39N3gni1ZbrB7NI1VJk3g==",
        "dependencies": {
          "Microsoft.Extensions.DependencyInjection.Abstractions": "11.0.0-preview.2.26159.112",
          "Microsoft.Extensions.Primitives": "11.0.0-preview.2.26159.112"
        }
      },
      "Microsoft.Extensions.Options.ConfigurationExtensions": {
        "type": "Transitive",
        "resolved": "11.0.0-preview.2.26159.112",
        "contentHash": "kr/rIDUALfxgKrvCbBJtctKU76Kcq3Rh+RHM7+tI8hPT40mRtVkP2b/ceMhBs7flkKzWMb5weIi/0rXE5yZuuA==",
        "dependencies": {
          "Microsoft.Extensions.Configuration.Abstractions": "11.0.0-preview.2.26159.112",
          "Microsoft.Extensions.Configuration.Binder": "11.0.0-preview.2.26159.112",
          "Microsoft.Extensions.DependencyInjection.Abstractions": "11.0.0-preview.2.26159.112",
          "Microsoft.Extensions.Options": "11.0.0-preview.2.26159.112",
          "Microsoft.Extensions.Primitives": "11.0.0-preview.2.26159.112"
        }
      },
      "Microsoft.Extensions.Primitives": {
        "type": "Transitive",
        "resolved": "11.0.0-preview.2.26159.112",
        "contentHash": "1S1pHUdrdgz8tVgJCgMli0cN3np/k6aLTwYASyQFHhuPrUzq0YaTHzge23BUqgIbKCZSFLzQ2V9LKgxfRsCFeQ=="
      },
      "Microsoft.IO.RecyclableMemoryStream": {
        "type": "Transitive",
        "resolved": "3.0.1",
        "contentHash": "s/s20YTVY9r9TPfTrN5g8zPF1YhwxyqO6PxUkrYTGI2B+OGPe9AdajWZrLhFqXIvqIW23fnUE4+ztrUWNU1+9g=="
      },
      "Newtonsoft.Json": {
        "type": "Transitive",
        "resolved": "13.0.4",
        "contentHash": "pdgNNMai3zv51W5aq268sujXUyx7SNdE2bj1wZcWjAQrKMFZV260lbqYop1d2GM67JI1huLRwxo9ZqnfF/lC6A=="
      },
      "Onigwrap": {
        "type": "Transitive",
        "resolved": "1.0.10",
        "contentHash": "eujNEpEhCl4UiqHTG0CeG/sWS8v/iYXGqUpaVkgBmYRZp3Utmz/aw38fuFL2rcnhj1FNfHwHaxGDeLY34a3nEA=="
      },
      "SkiaSharp": {
        "type": "Transitive",
        "resolved": "3.119.3-preview.1.1",
        "contentHash": "+3ndwD845G4jfuyhtg5rrjryh2mEOr2QfAPFtncvAsRLzGX0ferSJ0223av6Sbw9zsEL6Wk0sk/DrXtEpJoo5A==",
        "dependencies": {
          "SkiaSharp.NativeAssets.Win32": "3.119.3-preview.1.1",
          "SkiaSharp.NativeAssets.macOS": "3.119.3-preview.1.1"
        }
      },
      "SkiaSharp.NativeAssets.macOS": {
        "type": "Transitive",
        "resolved": "3.119.3-preview.1.1",
        "contentHash": "rv8B3OxG5PGQVxudIPV+ppjqUkt98VRzczNV3qNtearHebWXIcelpHEWzCtMSAYBm1rIsTs+KKAQv8/1exr0kQ=="
      },
      "SkiaSharp.NativeAssets.WebAssembly": {
        "type": "Transitive",
        "resolved": "3.119.3-preview.1.1",
        "contentHash": "Gzvr/fcJZODWNoLVBAIiM8NKudvZ9yL6WHb87fk7iadio9BWQR7GS0fUvWvE3kYaRAAutsjPdGAnkDR0ujlVDw=="
      },
      "SkiaSharp.NativeAssets.Win32": {
        "type": "Transitive",
        "resolved": "3.119.3-preview.1.1",
        "contentHash": "PkMb1pGPBSW3ZL0IVKP9DZs+w065HVs4jGQELsbkmKzKSL5P8KHLkrrmnv2XpFpXtx2njOllB8243N1dBMK+CQ=="
      },
      "System.CodeDom": {
        "type": "Transitive",
        "resolved": "7.0.0",
        "contentHash": "GLltyqEsE5/3IE+zYRP5sNa1l44qKl9v+bfdMcwg+M9qnQf47wK3H0SUR/T+3N4JEQXF3vV4CSuuo0rsg+nq2A=="
      },
      "System.Diagnostics.DiagnosticSource": {
        "type": "Transitive",
        "resolved": "11.0.0-preview.2.26159.112",
        "contentHash": "53nimBaVbzyZjQfi/hx/mRuqtNBGpu1uk7o8P9esiBVWsWz3+cimhT5pE8exQPYEJMDermE2mv5+HtPSo0TkGg=="
      },
      "System.Management": {
        "type": "Transitive",
        "resolved": "7.0.2",
        "contentHash": "/qEUN91mP/MUQmJnM5y5BdT7ZoPuVrtxnFlbJ8a3kBJGhe2wCzBfnPFtK2wTtEEcf3DMGR9J00GZZfg6HRI6yA==",
        "dependencies": {
          "System.CodeDom": "7.0.0"
        }
      },
      "TextMateSharp": {
        "type": "Transitive",
        "resolved": "2.0.3",
        "contentHash": "w0wGeqlBi9SYrzxpS1DBcEfiVCs5NY18Yl5YBIsHzXTXQd0OLOh3mP4LRuFvcktR/1MG8nSBHSMJj0rFvrPk+A==",
        "dependencies": {
          "Onigwrap": "1.0.10"
        }
      },
      "TextMateSharp.Grammars": {
        "type": "Transitive",
        "resolved": "2.0.3",
        "contentHash": "qkI1ogusuyGCGTgeyhljDM+GEfATOexoUTqLIgSb5P0ojmfhRXWfSTRXXJRpZkLDErShJ7RWOb+p10lHfhhO+Q==",
        "dependencies": {
          "TextMateSharp": "2.0.3"
        }
      },
      "Tmds.DBus.Protocol": {
        "type": "Transitive",
        "resolved": "0.92.0",
        "contentHash": "h7IMakm0PF2jxiagoysoAjrzzLQ0UBdnSXQL5kb17YW0Fvyo12Tg96A99QkzwktWRrd7H+Uw9EzjasNLUfGYlA=="
      },
      "UTF.Unknown": {
        "type": "Transitive",
        "resolved": "2.6.0",
        "contentHash": "YmmUcR9XKh3twmSjq6l0HD7qm7bj3X+gXCsdkWwpiuiB4wzGDJuCOneOQ3NvwQQEMqNeyVZOPO/EwFD4fuUoOQ=="
      },
      "libse": {
        "type": "Project",
        "dependencies": {
          "SkiaSharp": "[3.119.1, )",
          "UTF.Unknown": "[2.6.0, )"
        }
      }
    }
  }
}