{
  "version": 1,
  "dependencies": {
    "net10.0": {
      "Avalonia": {
        "type": "Direct",
        "requested": "[11.3.13, )",
        "resolved": "11.3.13",
        "contentHash": "3o7hhaJSUZTq7CwQiL987df6CkQhdyt2VbL9jN5iq42ZB1/zvFiGG2+4czuZYKFVIo2kl313sJKZ8/3TAnhSYw==",
        "dependencies": {
          "Avalonia.BuildServices": "11.3.2",
          "Avalonia.Remote.Protocol": "11.3.13",
          "MicroCom.Runtime": "0.11.0"
        }
      },
      "Avalonia.AvaloniaEdit": {
        "type": "Direct",
        "requested": "[11.4.1, )",
        "resolved": "11.4.1",
        "contentHash": "Ykn/bxPiCNE4C30GCzSi+16kFNgy1fZ+4KFjmdLtUcjQNABDSA1an5Rmsz+bt24ajdyUM/IC7xpEphhfcWY7QA==",
        "dependencies": {
          "Avalonia": "11.0.0"
        }
      },
      "Avalonia.Controls.ColorPicker": {
        "type": "Direct",
        "requested": "[11.3.13, )",
        "resolved": "11.3.13",
        "contentHash": "38M23f5H25kugMZg68QLfLgMTBMngvCkIu44yVtgOF3aTqoyRZr0vKmGJJYoEn+2Ixzd0+kB8qICLKX6N/nIjA==",
        "dependencies": {
          "Avalonia": "11.3.13",
          "Avalonia.Remote.Protocol": "11.3.13"
        }
      },
      "Avalonia.Controls.DataGrid": {
        "type": "Direct",
        "requested": "[11.3.13, )",
        "resolved": "11.3.13",
        "contentHash": "Omfzm3l5ZJQHe1dCuvvadV3LkGmCzImnfOKtoXcDH632jDSwMKRGJ7S+uZRhmu7aBzRxL7PrpIfo4wdDGuzmWA==",
        "dependencies": {
          "Avalonia": "11.3.13"
        }
      },
      "Avalonia.Desktop": {
        "type": "Direct",
        "requested": "[11.3.13, )",
        "resolved": "11.3.13",
        "contentHash": "XFYvm7MJ/LkSxopcS2MaJqO439rmjdXPxdeel6YMtuHyE5na7Fjt4tNWyjWQUvZr91GjaYVQ8SVOc1JDiRRsbg==",
        "dependencies": {
          "Avalonia": "11.3.13",
          "Avalonia.Native": "11.3.13",
          "Avalonia.Skia": "11.3.13",
          "Avalonia.Win32": "11.3.13",
          "Avalonia.X11": "11.3.13"
        }
      },
      "Avalonia.Diagnostics": {
        "type": "Direct",
        "requested": "[11.3.13, )",
        "resolved": "11.3.13",
        "contentHash": "/IuYlGBJYJDG+OAVTfXv2tVJ54b+PEIu1Rh3wv0FEg/8ZQvd5l0aS6R5Q1q3ycAHI6SdBaaSPSk71HfhvCa+6A==",
        "dependencies": {
          "Avalonia": "11.3.13",
          "Avalonia.Controls.ColorPicker": "11.3.13",
          "Avalonia.Themes.Simple": "11.3.13"
        }
      },
      "Avalonia.Fonts.Inter": {
        "type": "Direct",
        "requested": "[11.3.13, )",
        "resolved": "11.3.13",
        "contentHash": "eIja46mZ0+FyDFcbU8iPv1m5jjoVHzggjShL5NZWDe6SPctpp0L3va/oiiFAXE2b/YmQnbta3zi2CUYM0Is3ZA==",
        "dependencies": {
          "Avalonia": "11.3.13"
        }
      },
      "Avalonia.Markup.Declarative": {
        "type": "Direct",
        "requested": "[11.1.3, )",
        "resolved": "11.1.3",
        "contentHash": "+vUMRVYoLvWVeR0n5DFdYqiCMb4x+kTp0xbLZZqB+l60piGCyOTFV3f+x9GX2yYj1RIgnoPTLgcrNEuLvjY2eA==",
        "dependencies": {
          "Avalonia": "11.1.3"
        }
      },
      "Avalonia.Themes.Fluent": {
        "type": "Direct",
        "requested": "[11.3.13, )",
        "resolved": "11.3.13",
        "contentHash": "mHCn51+ZTPJX/VJZaqMpgpZCaHSh6LsiOE1pfdKhzRvMzOu2QQIZRQvg+07QMzsb23qlUfAh4HBO7UMUvQw1og==",
        "dependencies": {
          "Avalonia": "11.3.13"
        }
      },
      "AvaloniaEdit.TextMate": {
        "type": "Direct",
        "requested": "[11.4.1, )",
        "resolved": "11.4.1",
        "contentHash": "q9/HE1gOHz/+EiUxzPVk+45hDhrzwCHMPkjeobemd15Ery5U9Y0wQXyq4e4Qr3IQ75bLGmsrpTuLLgJrvSye6Q==",
        "dependencies": {
          "Avalonia": "11.0.0",
          "Avalonia.AvaloniaEdit": "11.4.1",
          "TextMateSharp": "2.0.2",
          "TextMateSharp.Grammars": "2.0.2"
        }
      },
      "CommunityToolkit.Mvvm": {
        "type": "Direct",
        "requested": "[8.4.2, )",
        "resolved": "8.4.2",
        "contentHash": "WadCzGEc2U+3e20avRLng4qNtt4zoOGWrdUISqJWrHe3/FSnrYjuM5Sb4yQb09LhkBXrrI4Zt3dLKgRMbItsrg=="
      },
      "Google.Cloud.TextToSpeech.V1": {
        "type": "Direct",
        "requested": "[3.18.0, )",
        "resolved": "3.18.0",
        "contentHash": "54/+RASsfltysLSgpNaSkdSa1uEvKD5Wc8hHFtlSRQtJAh41QNaSqY0LmZfFF+oEZiMBuhB2uq7bwieywttVvQ==",
        "dependencies": {
          "Google.Api.Gax.Grpc": "[4.13.1, 5.0.0)",
          "Google.LongRunning": "[3.5.0, 4.0.0)"
        }
      },
      "Microsoft.Extensions.DependencyInjection": {
        "type": "Direct",
        "requested": "[10.0.5, )",
        "resolved": "10.0.5",
        "contentHash": "v1SVsowG6YE1YnHVGmLWz57YTRCQRx9pH5ebIESXfm5isI9gA3QaMyg/oMTzPpXYZwSAVDzYItGJKfmV+pqXkQ==",
        "dependencies": {
          "Microsoft.Extensions.DependencyInjection.Abstractions": "10.0.5"
        }
      },
      "Microsoft.Extensions.DependencyInjection.Abstractions": {
        "type": "Direct",
        "requested": "[10.0.5, )",
        "resolved": "10.0.5",
        "contentHash": "iVMtq9eRvzyhx8949EGT0OCYJfXi737SbRVzWXE5GrOgGj5AaZ9eUuxA/BSUfmOMALKn/g8KfFaNQw0eiB3lyA=="
      },
      "Microsoft.Extensions.Http": {
        "type": "Direct",
        "requested": "[10.0.5, )",
        "resolved": "10.0.5",
        "contentHash": "AiFvHYM8nP0wPC7bGPI3NHQlSYSLqjjT7DMJUuuxhd+7pz3O89iu2gdQfgACy5DxsXENiok5i1bMacJL7KR8jA==",
        "dependencies": {
          "Microsoft.Extensions.Configuration.Abstractions": "10.0.5",
          "Microsoft.Extensions.DependencyInjection.Abstractions": "10.0.5",
          "Microsoft.Extensions.Diagnostics": "10.0.5",
          "Microsoft.Extensions.Logging": "10.0.5",
          "Microsoft.Extensions.Logging.Abstractions": "10.0.5",
          "Microsoft.Extensions.Options": "10.0.5"
        }
      },
      "Projektanker.Icons.Avalonia": {
        "type": "Direct",
        "requested": "[9.6.2, )",
        "resolved": "9.6.2",
        "contentHash": "AFPMAp41KvbZCpvo5uS83KVFVVDe6nfWSSmefeP3MBDT1eZosKObcXhNI1BAyt4CDPAaB7dUWaOPAYanzk5ybQ==",
        "dependencies": {
          "Avalonia": "11.2.8"
        }
      },
      "Projektanker.Icons.Avalonia.FontAwesome": {
        "type": "Direct",
        "requested": "[9.6.2, )",
        "resolved": "9.6.2",
        "contentHash": "mFDatxzoIUvBIHtPo45kX2sufhp+qf6L3I5WT/shUXrfbKbvIff4dtfjqFWCK2Z3RH31l0I9L7UHY5VLYsqX2g==",
        "dependencies": {
          "Projektanker.Icons.Avalonia": "9.6.2"
        }
      },
      "Projektanker.Icons.Avalonia.MaterialDesign": {
        "type": "Direct",
        "requested": "[9.6.2, )",
        "resolved": "9.6.2",
        "contentHash": "C697qBzobm1szGISzUkkO1EiioNjsPj3xUSgtIPtC46Zew/CD0PQZGVf+wpbpRNrT2VHhEn79uv+RQxF5WR+gg==",
        "dependencies": {
          "Projektanker.Icons.Avalonia": "9.6.2"
        }
      },
      "SharpCompress": {
        "type": "Direct",
        "requested": "[0.47.4, )",
        "resolved": "0.47.4",
        "contentHash": "0s2rmGFLFQED6ERPUtJiT/KoDsrBzsc+qDoVX1XT4HfAiLZCtV6Z9mHfArBgHVpDErl4Pt9M5VTMVQLPUJw5Kg=="
      },
      "Simplecto.Avalonia.RichTextBox": {
        "type": "Direct",
        "requested": "[1.6.5, )",
        "resolved": "1.6.5",
        "contentHash": "5XlHpP/3dUb60MAOgT79aZ2xr9UK6G+3w0QYI0upbr34lt8lhyh+ilrf7nhpWY0Ntk1VwoF8+MKM4jAyLiSm1Q==",
        "dependencies": {
          "Avalonia": "11.3.12",
          "Avalonia.Controls.ItemsRepeater": "11.1.5",
          "Avalonia.Desktop": "11.3.12",
          "Avalonia.ReactiveUI": "11.2.8",
          "Avalonia.Skia": "11.3.12",
          "Avalonia.Themes.Fluent": "11.3.12",
          "DocumentFormat.OpenXml": "3.2.0",
          "HtmlAgilityPack": "1.12.0"
        }
      },
      "SkiaSharp.HarfBuzz": {
        "type": "Direct",
        "requested": "[3.119.1, )",
        "resolved": "3.119.1",
        "contentHash": "+Lu9kCmxgEJVUeIljhEOgrB4dr4iwPP08jgswKk3bGPUwInmqDGUUriMoYD9prFlVa0wOWDLG/hfl3HIHNJHRg==",
        "dependencies": {
          "HarfBuzzSharp": "8.3.1.2",
          "SkiaSharp": "3.119.1"
        }
      },
      "SkiaSharp.NativeAssets.Linux": {
        "type": "Direct",
        "requested": "[3.119.2, )",
        "resolved": "3.119.2",
        "contentHash": "9WzxSyG/s9Id506j0Ht+Bi5ucOpWKPzd1XXr9TD4fuCafHHy2swRSlbZtC3IDQAsvCH63OerkDJajj43uSv5og=="
      },
      "WeCantSpell.Hunspell": {
        "type": "Direct",
        "requested": "[7.0.1, )",
        "resolved": "7.0.1",
        "contentHash": "Ha0x66QWA+IPj2kJYoweA8MSnB1tymBW6kAIS6Kkj/U3SlMLCBPjDlUXzrrY1zJAxVItrGpFIXjkl3eEIYIE9A=="
      },
      "Avalonia.Angle.Windows.Natives": {
        "type": "Transitive",
        "resolved": "2.1.25547.20250602",
        "contentHash": "ZL0VLc4s9rvNNFt19Pxm5UNAkmKNylugAwJPX9ulXZ6JWs/l6XZihPWWTyezaoNOVyEPU8YbURtW7XMAtqXH5A=="
      },
      "Avalonia.BuildServices": {
        "type": "Transitive",
        "resolved": "11.3.2",
        "contentHash": "qHDToxto1e3hci5YqbG9n0Ty8mlp3zBUN5wT66wKqaDVzXyQ0do3EnRILd4Ke9jpvsktaPpgE0YjEk7hornryQ=="
      },
      "Avalonia.Controls.ItemsRepeater": {
        "type": "Transitive",
        "resolved": "11.1.5",
        "contentHash": "MfsDSvpa/QUvOw8c8BQtDHHu3DUHYYGjkDBpN0uOpjFqng6qCzkuoyJZ7vIXSlDNb685yqW8VluWMjniz5BI4A==",
        "dependencies": {
          "Avalonia": "11.1.5"
        }
      },
      "Avalonia.FreeDesktop": {
        "type": "Transitive",
        "resolved": "11.3.13",
        "contentHash": "ObC3wgDxT6WtpVYKS4whYxp9w4Hzak3KQ/DOASiLDsp9p/oMRRJHoU1MtKWZ0H2BP/U0vdVRfWD9FqGVZ9LMhA==",
        "dependencies": {
          "Avalonia": "11.3.13",
          "Tmds.DBus.Protocol": "0.21.2"
        }
      },
      "Avalonia.Native": {
        "type": "Transitive",
        "resolved": "11.3.13",
        "contentHash": "YEjuhvLCNgwJaY1CQYBVmmZF9Hrxu9CH4HG0pXlrt12EG8mbMdCUrDlzds5YTMcSM8ly8EQkOhJ+nKJnXzxyiA==",
        "dependencies": {
          "Avalonia": "11.3.13"
        }
      },
      "Avalonia.ReactiveUI": {
        "type": "Transitive",
        "resolved": "11.2.8",
        "contentHash": "WPLP4w9Dc94oWHMCnbwQPGz0FuIKzP3a337Z+e2K6qXtqqWBYFOPQ0eXUNgkgUk2xK8uT6WN6K1RIjgl1lqn8w==",
        "dependencies": {
          "Avalonia": "11.2.8",
          "ReactiveUI": "20.1.1",
          "System.Reactive": "6.0.1"
        }
      },
      "Avalonia.Remote.Protocol": {
        "type": "Transitive",
        "resolved": "11.3.13",
        "contentHash": "ATDouTcCn484dUxmvzmyuOfNpwWxOKTz8LbBNnHpMZFCtyzZ0b4gvfZXh/d5szyRIF+kaTPK97LMQ5UH8ZQNhg=="
      },
      "Avalonia.Skia": {
        "type": "Transitive",
        "resolved": "11.3.13",
        "contentHash": "ak6fjzPJr+CwR/qUPQwtrYuuwVfT6yqqeJizzuaj2uMcuX+1hw/bSAAWmQ/0YD716xOj4bilA2BHOLl5IRBybg==",
        "dependencies": {
          "Avalonia": "11.3.13",
          "HarfBuzzSharp": "8.3.1.1",
          "HarfBuzzSharp.NativeAssets.Linux": "8.3.1.1",
          "HarfBuzzSharp.NativeAssets.WebAssembly": "8.3.1.1",
          "SkiaSharp": "2.88.9",
          "SkiaSharp.NativeAssets.Linux": "2.88.9",
          "SkiaSharp.NativeAssets.WebAssembly": "2.88.9"
        }
      },
      "Avalonia.Themes.Simple": {
        "type": "Transitive",
        "resolved": "11.3.13",
        "contentHash": "OooDNZY9PAxQdaJLaCLHLPngUC2xweRfIsPw9DcTKLaxmLgI7RF0OGNuHTsur9PUUQl18nFQGFVf1aYQucMVcQ==",
        "dependencies": {
          "Avalonia": "11.3.13"
        }
      },
      "Avalonia.Win32": {
        "type": "Transitive",
        "resolved": "11.3.13",
        "contentHash": "TBOWZI5GK197lZ9w3oXfDF/DhHLi/g4JK3FUdVXpi2x7hvRvkdKikWSa3qVF11ZHVcI2NdaMyPYqYVlhyaiWEw==",
        "dependencies": {
          "Avalonia": "11.3.13",
          "Avalonia.Angle.Windows.Natives": "2.1.25547.20250602"
        }
      },
      "Avalonia.X11": {
        "type": "Transitive",
        "resolved": "11.3.13",
        "contentHash": "uYI3mGkkZk+B8CHeqRR/2TMfwWTjvAbt0LjstR3CY1gD90j7j/0pM96yIvsv83mnWmkhrEeM+DCH3fvosafvlg==",
        "dependencies": {
          "Avalonia": "11.3.13",
          "Avalonia.FreeDesktop": "11.3.13",
          "Avalonia.Skia": "11.3.13"
        }
      },
      "DocumentFormat.OpenXml": {
        "type": "Transitive",
        "resolved": "3.2.0",
        "contentHash": "eDBT9G0sAWUvjgE8l8E5bGCFXgxCZXIecQ8dqUnj2PyxyMR5eBmLahqRRw3Q7uSKM3cKbysaL2mEY0JJbEEOEA==",
        "dependencies": {
          "DocumentFormat.OpenXml.Framework": "3.2.0"
        }
      },
      "DocumentFormat.OpenXml.Framework": {
        "type": "Transitive",
        "resolved": "3.2.0",
        "contentHash": "e1neOKqRnSHUom4JQEorAoZ67aiJOp6+Xzsu0fc6IYfFcgQn6roo+w6i2w//N2u/5ilEfvLr35bNO9zaIN7r7g==",
        "dependencies": {
          "System.IO.Packaging": "8.0.1"
        }
      },
      "DynamicData": {
        "type": "Transitive",
        "resolved": "8.4.1",
        "contentHash": "Mn1+fU/jqxgONEJq8KLQPGWEi7g/hUVTbjZyn4QM0sWWDAVOHPO9WjXWORSykwdfg/6S3GM15qsfz+2EvO+QAQ==",
        "dependencies": {
          "System.Reactive": "6.0.0"
        }
      },
      "Google.Api.CommonProtos": {
        "type": "Transitive",
        "resolved": "2.17.0",
        "contentHash": "elfQPknFr495hm7vdy6ZlgyQh6yzZq9TU7sS35L/Fj/fqjM/mUGau9gVJLhvQEtUlPjtR80hpn/m9HvBMyCXIw==",
        "dependencies": {
          "Google.Protobuf": "[3.31.1, 4.0.0]"
        }
      },
      "Google.Api.Gax": {
        "type": "Transitive",
        "resolved": "4.13.1",
        "contentHash": "ujDpZk7O2VqAEIqcSlhH0FKzVpGZWly/qcNjHxpNUrL445Tei9PHnu4V1pwW2WDiMDvo3TpL1Bi4DeU525Afrg==",
        "dependencies": {
          "Microsoft.Bcl.AsyncInterfaces": "6.0.0",
          "Newtonsoft.Json": "13.0.4"
        }
      },
      "Google.Api.Gax.Grpc": {
        "type": "Transitive",
        "resolved": "4.13.1",
        "contentHash": "QgYF0bd8z6xWSVLGkGAMPB70seJSa9J02lFn8LT0Rb7PjSxZYpX+wU6LbVmghxDi6Wd64taulpX37pFq20J61g==",
        "dependencies": {
          "Google.Api.CommonProtos": "2.17.0",
          "Google.Api.Gax": "4.13.1",
          "Google.Apis.Auth": "1.73.0",
          "Grpc.Auth": "[2.71.0, 3.0.0)",
          "Grpc.Core.Api": "[2.71.0, 3.0.0)",
          "Grpc.Net.Client": "[2.71.0, 3.0.0)",
          "Microsoft.Extensions.DependencyInjection.Abstractions": "6.0.0"
        }
      },
      "Google.Apis": {
        "type": "Transitive",
        "resolved": "1.73.0",
        "contentHash": "TnCjEyV2aCLQ6Zl40OCbEJULDuEkEWc6C/g81KYw5l1PqGo+G7pFZrV+YH8XgUL0JRUanz+IrUp8SsKF4dzkqg==",
        "dependencies": {
          "Google.Apis.Core": "1.73.0"
        }
      },
      "Google.Apis.Auth": {
        "type": "Transitive",
        "resolved": "1.73.0",
        "contentHash": "wEu12uhnRv3zrPBSqv4E2vPH6lYLtc1RPAnU9MJRCMFlBVwZ7Lnq3NfbYXi6VG7EurkYInTaMpeBZkbM/HrAog==",
        "dependencies": {
          "Google.Apis": "1.73.0",
          "Google.Apis.Core": "1.73.0",
          "System.Management": "7.0.2"
        }
      },
      "Google.Apis.Core": {
        "type": "Transitive",
        "resolved": "1.73.0",
        "contentHash": "vSc7CY4KCP7HE4QTElDx/ExnGLbg9kXb89MS6cdvI+0D4sxvTYb16vGtXmF2jSDMV3iDmykSXdIUPTz8TDS6gg==",
        "dependencies": {
          "Newtonsoft.Json": "13.0.4"
        }
      },
      "Google.LongRunning": {
        "type": "Transitive",
        "resolved": "3.5.0",
        "contentHash": "W8xO6FA+rG8WjKOsyIjTKjeKLcyCrjBBYeEdZ4QBkKQcxmRczbrfKhKQmdorb2V35CqXeeTbue5Na6Zkgyv8ow==",
        "dependencies": {
          "Google.Api.Gax.Grpc": "[4.12.1, 5.0.0)"
        }
      },
      "Google.Protobuf": {
        "type": "Transitive",
        "resolved": "3.31.1",
        "contentHash": "gSnJbUmGiOTdWddPhqzrEscHq9Ls6sqRDPB9WptckyjTUyx70JOOAaDLkFff8gManZNN3hllQ4aQInnQyq/Z/A=="
      },
      "Grpc.Auth": {
        "type": "Transitive",
        "resolved": "2.71.0",
        "contentHash": "t2aGh/pMgqmc3GimtYfC7VcgVY/VSbk6SLH+61wewsgK45tzxxD9nYYItT5bpLn7fbebirmHXfgJcVKIArd0cg==",
        "dependencies": {
          "Google.Apis.Auth": "1.69.0",
          "Grpc.Core.Api": "2.71.0"
        }
      },
      "Grpc.Core.Api": {
        "type": "Transitive",
        "resolved": "2.71.0",
        "contentHash": "QquqUC37yxsDzd1QaDRsH2+uuznWPTS8CVE2Yzwl3CvU4geTNkolQXoVN812M2IwT6zpv3jsZRc9ExJFNFslTg=="
      },
      "Grpc.Net.Client": {
        "type": "Transitive",
        "resolved": "2.71.0",
        "contentHash": "U1vr20r5ngoT9nlb7wejF28EKN+taMhJsV9XtK9MkiepTZwnKxxiarriiMfCHuDAfPUm9XUjFMn/RIuJ4YY61w==",
        "dependencies": {
          "Grpc.Net.Common": "2.71.0",
          "Microsoft.Extensions.Logging.Abstractions": "6.0.0"
        }
      },
      "Grpc.Net.Common": {
        "type": "Transitive",
        "resolved": "2.71.0",
        "contentHash": "v0c8R97TwRYwNXlC8GyRXwYTCNufpDfUtj9la+wUrZFzVWkFJuNAltU+c0yI3zu0jl54k7en6u2WKgZgd57r2Q==",
        "dependencies": {
          "Grpc.Core.Api": "2.71.0"
        }
      },
      "HarfBuzzSharp": {
        "type": "Transitive",
        "resolved": "8.3.1.2",
        "contentHash": "fqZTo17dEIn/u/YZ1A6avsmF8BYoLSvDsHm+uDp38wortckHWZhJ5pMwJW97xTeOZ9/oxqwUQfRMkf6ni9s5Gw==",
        "dependencies": {
          "HarfBuzzSharp.NativeAssets.Win32": "8.3.1.2",
          "HarfBuzzSharp.NativeAssets.macOS": "8.3.1.2"
        }
      },
      "HarfBuzzSharp.NativeAssets.Linux": {
        "type": "Transitive",
        "resolved": "8.3.1.1",
        "contentHash": "3EZ1mpIiKWRLL5hUYA82ZHteeDIVaEA/Z0rA/wU6tjx6crcAkJnBPwDXZugBSfo8+J3EznvRJf49uMsqYfKrHg=="
      },
      "HarfBuzzSharp.NativeAssets.macOS": {
        "type": "Transitive",
        "resolved": "8.3.1.2",
        "contentHash": "+0NtlZSQA540z6VpVoajXldvAOuj5D+BWceh70U3YApxcpUKD/5hjdbdzvyhRaTSTCSZNjRxeaWpBpgJ1U1YcQ=="
      },
      "HarfBuzzSharp.NativeAssets.WebAssembly": {
        "type": "Transitive",
        "resolved": "8.3.1.1",
        "contentHash": "loJweK2u/mH/3C2zBa0ggJlITIszOkK64HLAZB7FUT670dTg965whLFYHDQo69NmC4+d9UN0icLC9VHidXaVCA=="
      },
      "HarfBuzzSharp.NativeAssets.Win32": {
        "type": "Transitive",
        "resolved": "8.3.1.2",
        "contentHash": "qmYJsYtOPVeLg7NQoKO5fq1oc5mRKzdgxBXWICx0R03epZ1RIsuzgWRFhVNN0br3c+J+9rIQhy0SXdBwVv0ebA=="
      },
      "HtmlAgilityPack": {
        "type": "Transitive",
        "resolved": "1.12.0",
        "contentHash": "VHtVZmfoYhQyA/POvZRLuTpCz1zhzIDrdYRJIRV73e9wKAzjW71biYNOHOWx8MxEX3TE4TWVfx1QDRoZcj2AWw=="
      },
      "MicroCom.Runtime": {
        "type": "Transitive",
        "resolved": "0.11.0",
        "contentHash": "MEnrZ3UIiH40hjzMDsxrTyi8dtqB5ziv3iBeeU4bXsL/7NLSal9F1lZKpK+tfBRnUoDSdtcW3KufE4yhATOMCA=="
      },
      "Microsoft.Bcl.AsyncInterfaces": {
        "type": "Transitive",
        "resolved": "6.0.0",
        "contentHash": "UcSjPsst+DfAdJGVDsu346FX0ci0ah+lw3WRtn18NUwEqRt70HaOQ7lI72vy3+1LxtqI3T5GWwV39rQSrCzAeg=="
      },
      "Microsoft.Extensions.Configuration": {
        "type": "Transitive",
        "resolved": "10.0.5",
        "contentHash": "8Rx5sqg04FttxrumyG6bmoRuFRgYzK6IVwF1i0/o0cXfKBdDeVpJejKHtJCMjyg9E/DNMVqpqOGe/tCT5gYvVA==",
        "dependencies": {
          "Microsoft.Extensions.Configuration.Abstractions": "10.0.5",
          "Microsoft.Extensions.Primitives": "10.0.5"
        }
      },
      "Microsoft.Extensions.Configuration.Abstractions": {
        "type": "Transitive",
        "resolved": "10.0.5",
        "contentHash": "P09QpTHjqHmCLQOTC+WyLkoRNxek4NIvfWt+TnU0etoDUSRxcltyd6+j/ouRbMdLR0j44GqGO+lhI2M4fAHG4g==",
        "dependencies": {
          "Microsoft.Extensions.Primitives": "10.0.5"
        }
      },
      "Microsoft.Extensions.Configuration.Binder": {
        "type": "Transitive",
        "resolved": "10.0.5",
        "contentHash": "99Z4rjyXopb1MIazDSPcvwYCUdYNO01Cf1GUs2WUjIFAbkGmwzj2vPa2k+3pheJRV+YgNd2QqRKHAri0oBAU4Q==",
        "dependencies": {
          "Microsoft.Extensions.Configuration": "10.0.5",
          "Microsoft.Extensions.Configuration.Abstractions": "10.0.5"
        }
      },
      "Microsoft.Extensions.Diagnostics": {
        "type": "Transitive",
        "resolved": "10.0.5",
        "contentHash": "vAJHd4yOpmKoK+jBuYV7a3y+Ab9U4ARCc29b6qvMy276RgJFw9LFs0DdsPqOL3ahwzyrX7tM+i4cCxU/RX0qAg==",
        "dependencies": {
          "Microsoft.Extensions.Configuration": "10.0.5",
          "Microsoft.Extensions.Diagnostics.Abstractions": "10.0.5",
          "Microsoft.Extensions.Options.ConfigurationExtensions": "10.0.5"
        }
      },
      "Microsoft.Extensions.Diagnostics.Abstractions": {
        "type": "Transitive",
        "resolved": "10.0.5",
        "contentHash": "/nYGrpa9/0BZofrVpBbbj+Ns8ZesiPE0V/KxsuHgDgHQopIzN54nRaQGSuvPw16/kI9sW1Zox5yyAPqvf0Jz6A==",
        "dependencies": {
          "Microsoft.Extensions.DependencyInjection.Abstractions": "10.0.5",
          "Microsoft.Extensions.Options": "10.0.5"
        }
      },
      "Microsoft.Extensions.Logging": {
        "type": "Transitive",
        "resolved": "10.0.5",
        "contentHash": "+XTMKQyDWg4ODoNHU/BN3BaI1jhGO7VCS+BnzT/4IauiG6y2iPAte7MyD7rHKS+hNP0TkFkjrae8DFjDUxtcxg==",
        "dependencies": {
          "Microsoft.Extensions.DependencyInjection": "10.0.5",
          "Microsoft.Extensions.Logging.Abstractions": "10.0.5",
          "Microsoft.Extensions.Options": "10.0.5"
        }
      },
      "Microsoft.Extensions.Logging.Abstractions": {
        "type": "Transitive",
        "resolved": "10.0.5",
        "contentHash": "9HOdqlDtPptVcmKAjsQ/Nr5Rxfq6FMYLdhvZh1lVmeKR738qeYecQD7+ldooXf+u2KzzR1kafSphWngIM3C6ug==",
        "dependencies": {
          "Microsoft.Extensions.DependencyInjection.Abstractions": "10.0.5"
        }
      },
      "Microsoft.Extensions.Options": {
        "type": "Transitive",
        "resolved": "10.0.5",
        "contentHash": "MDaQMdUplw0AIRhWWmbLA7yQEXaLIHb+9CTroTiNS8OlI0LMXS4LCxtopqauiqGCWlRgJ+xyraVD8t6veRAFbw==",
        "dependencies": {
          "Microsoft.Extensions.DependencyInjection.Abstractions": "10.0.5",
          "Microsoft.Extensions.Primitives": "10.0.5"
        }
      },
      "Microsoft.Extensions.Options.ConfigurationExtensions": {
        "type": "Transitive",
        "resolved": "10.0.5",
        "contentHash": "BB9uUW3+6Rxu1R97OB1H/13lUF8P2+H1+eDhpZlK30kDh/6E4EKHBUqTp+ilXQmZLzsRErxON8aBSR6WpUKJdg==",
        "dependencies": {
          "Microsoft.Extensions.Configuration.Abstractions": "10.0.5",
          "Microsoft.Extensions.Configuration.Binder": "10.0.5",
          "Microsoft.Extensions.DependencyInjection.Abstractions": "10.0.5",
          "Microsoft.Extensions.Options": "10.0.5",
          "Microsoft.Extensions.Primitives": "10.0.5"
        }
      },
      "Microsoft.Extensions.Primitives": {
        "type": "Transitive",
        "resolved": "10.0.5",
        "contentHash": "/HUHJ0tw/LQvD0DZrz50eQy/3z7PfX7WWEaXnjKTV9/TNdcgFlNTZGo49QhS7PTmhDqMyHRMqAXSBxLh0vso4g=="
      },
      "Newtonsoft.Json": {
        "type": "Transitive",
        "resolved": "13.0.4",
        "contentHash": "pdgNNMai3zv51W5aq268sujXUyx7SNdE2bj1wZcWjAQrKMFZV260lbqYop1d2GM67JI1huLRwxo9ZqnfF/lC6A=="
      },
      "Onigwrap": {
        "type": "Transitive",
        "resolved": "1.0.10",
        "contentHash": "eujNEpEhCl4UiqHTG0CeG/sWS8v/iYXGqUpaVkgBmYRZp3Utmz/aw38fuFL2rcnhj1FNfHwHaxGDeLY34a3nEA=="
      },
      "ReactiveUI": {
        "type": "Transitive",
        "resolved": "20.1.1",
        "contentHash": "9hNPknWjijnaSWs6auypoXqUptPZcRpUypF+cf1zD50fgW+SEoQda502N3fVZ2eWPcaiUad+z6GaLwOWmUVHNw==",
        "dependencies": {
          "DynamicData": "8.4.1",
          "Splat": "15.1.1",
          "System.ComponentModel.Annotations": "5.0.0"
        }
      },
      "SkiaSharp": {
        "type": "Transitive",
        "resolved": "3.119.1",
        "contentHash": "+Ru1BTSZQne3Vp+vbSb50Ke3Nlc3ZnItxx4+751J9WZ8YzLKAV/n+9DAo4zFTyeCI//ueT63c+VybmTTpYBEiw==",
        "dependencies": {
          "SkiaSharp.NativeAssets.Win32": "3.119.1",
          "SkiaSharp.NativeAssets.macOS": "3.119.1"
        }
      },
      "SkiaSharp.NativeAssets.macOS": {
        "type": "Transitive",
        "resolved": "3.119.1",
        "contentHash": "6hR3BdLhApjDxR1bFrJ7/lMydPfI01s3K+3WjIXFUlfC0MFCFCwRzv+JtzIkW9bDXs7XUVQS+6EVf0uzCasnGQ=="
      },
      "SkiaSharp.NativeAssets.WebAssembly": {
        "type": "Transitive",
        "resolved": "2.88.9",
        "contentHash": "kt06RccBHSnAs2wDYdBSfsjIDbY3EpsOVqnlDgKdgvyuRA8ZFDaHRdWNx1VHjGgYzmnFCGiTJBnXFl5BqGwGnA=="
      },
      "SkiaSharp.NativeAssets.Win32": {
        "type": "Transitive",
        "resolved": "3.119.1",
        "contentHash": "8C4GSXVJqSr0y3Tyyv5jz6MJSTVUyYkMjeKrzK+VyZPGLo89MNoUEclVuYahzOCDdtbfXrd2HtxXfDuvoSXrUw=="
      },
      "Splat": {
        "type": "Transitive",
        "resolved": "15.1.1",
        "contentHash": "RHDTdF90FwVbRia2cmuIzkiVoETqnXSB2dDBBi/I35HWXqv4OKGqoMcfcd6obMvO2OmmY5PjU1M62K8LkJafAA=="
      },
      "System.CodeDom": {
        "type": "Transitive",
        "resolved": "7.0.0",
        "contentHash": "GLltyqEsE5/3IE+zYRP5sNa1l44qKl9v+bfdMcwg+M9qnQf47wK3H0SUR/T+3N4JEQXF3vV4CSuuo0rsg+nq2A=="
      },
      "System.ComponentModel.Annotations": {
        "type": "Transitive",
        "resolved": "5.0.0",
        "contentHash": "dMkqfy2el8A8/I76n2Hi1oBFEbG1SfxD2l5nhwXV3XjlnOmwxJlQbYpJH4W51odnU9sARCSAgv7S3CyAFMkpYg=="
      },
      "System.IO.Packaging": {
        "type": "Transitive",
        "resolved": "8.0.1",
        "contentHash": "KYkIOAvPexQOLDxPO2g0BVoWInnQhPpkFzRqvNrNrMhVT6kqhVr0zEb6KCHlptLFukxnZrjuMVAnxK7pOGUYrw=="
      },
      "System.Management": {
        "type": "Transitive",
        "resolved": "7.0.2",
        "contentHash": "/qEUN91mP/MUQmJnM5y5BdT7ZoPuVrtxnFlbJ8a3kBJGhe2wCzBfnPFtK2wTtEEcf3DMGR9J00GZZfg6HRI6yA==",
        "dependencies": {
          "System.CodeDom": "7.0.0"
        }
      },
      "System.Reactive": {
        "type": "Transitive",
        "resolved": "6.0.1",
        "contentHash": "rHaWtKDwCi9qJ3ObKo8LHPMuuwv33YbmQi7TcUK1C264V3MFnOr5Im7QgCTdLniztP3GJyeiSg5x8NqYJFqRmg=="
      },
      "TextMateSharp": {
        "type": "Transitive",
        "resolved": "2.0.2",
        "contentHash": "2s0cKCS8nOmEXcGUwqrSf07relZtb8XK7qqlxMIGipebWb4iIZjUpzRuRuyagVYVLT7YUJN33cAKGm2rjNgX8w==",
        "dependencies": {
          "Onigwrap": "1.0.10"
        }
      },
      "TextMateSharp.Grammars": {
        "type": "Transitive",
        "resolved": "2.0.2",
        "contentHash": "0jAuZVr3iujV3VEhwzQGQRJRu81pH4hpbJHXIKwsFlKLWkZ0v1Cf23PnLUVVAFhOV3k0e4CvZHl/emmH42FAHw==",
        "dependencies": {
          "TextMateSharp": "2.0.2"
        }
      },
      "Tmds.DBus.Protocol": {
        "type": "Transitive",
        "resolved": "0.21.2",
        "contentHash": "ScSMrUrrw8px4kK1Glh0fZv/HQUlg1078bNXNPfRPKQ3WbRzV9HpsydYEOgSoMK5LWICMf2bMwIFH0pGjxjcMA=="
      },
      "UTF.Unknown": {
        "type": "Transitive",
        "resolved": "2.6.0",
        "contentHash": "YmmUcR9XKh3twmSjq6l0HD7qm7bj3X+gXCsdkWwpiuiB4wzGDJuCOneOQ3NvwQQEMqNeyVZOPO/EwFD4fuUoOQ=="
      },
      "libse": {
        "type": "Project",
        "dependencies": {
          "SkiaSharp": "[3.119.1, )",
          "UTF.Unknown": "[2.6.0, )"
        }
      }
    }
  }
}