Microsoft Visual Studio Solution File, Format Version 12.00
# Visual Studio 2013
VisualStudioVersion = 12.0.31101.0
MinimumVisualStudioVersion = 10.0.40219.1
Project("{FAE04EC0-301F-11D3-BF4B-00C04F79EFBC}") = "SubtitleEdit", "SubtitleEdit.csproj", "{511A5B59-1C35-4719-8536-23B19AF9B21A}"
	ProjectSection(ProjectDependencies) = postProject
		{DBD4656C-5F40-4067-A70B-C4460DE20F77} = {DBD4656C-5F40-4067-A70B-C4460DE20F77}
		{36BCA2A7-EE6B-45FD-AF90-D3F76A84DA76} = {36BCA2A7-EE6B-45FD-AF90-D3F76A84DA76}
	EndProjectSection
EndProject
Project("{2150E333-8FDC-42A3-9474-1A3956D46DE8}") = "Solution Items", "Solution Items", "{766101A0-80D5-4560-BFF7-73F1559B4C47}"
	ProjectSection(SolutionItems) = preProject
		Local.testsettings = Local.testsettings
		SubtitleEdit.vsmdi = SubtitleEdit.vsmdi
		TraceAndTestImpact.testsettings = TraceAndTestImpact.testsettings
	EndProjectSection
EndProject
Project("{FAE04EC0-301F-11D3-BF4B-00C04F79EFBC}") = "Test", "Test\Test.csproj", "{7BE5B8E8-9469-4C7C-89D7-E8C884DEFC0E}"
EndProject
Project("{FAE04EC0-301F-11D3-BF4B-00C04F79EFBC}") = "UpdateAssemblyInfo", "UpdateAssemblyInfo\UpdateAssemblyInfo.csproj", "{DBD4656C-5F40-4067-A70B-C4460DE20F77}"
EndProject
Project("{FAE04EC0-301F-11D3-BF4B-00C04F79EFBC}") = "UpdateLanguageFiles", "UpdateLanguageFiles\UpdateLanguageFiles.csproj", "{36BCA2A7-EE6B-45FD-AF90-D3F76A84DA76}"
EndProject
Project("{2150E333-8FDC-42A3-9474-1A3956D46DE8}") = ".nuget", ".nuget", "{E5F70420-EF49-403E-851F-700953769937}"
EndProject
Global
	GlobalSection(SolutionConfigurationPlatforms) = preSolution
		Debug|Any CPU = Debug|Any CPU
		Release|Any CPU = Release|Any CPU
	EndGlobalSection
	GlobalSection(ProjectConfigurationPlatforms) = postSolution
		{511A5B59-1C35-4719-8536-23B19AF9B21A}.Debug|Any CPU.ActiveCfg = Debug|Any CPU
		{511A5B59-1C35-4719-8536-23B19AF9B21A}.Debug|Any CPU.Build.0 = Debug|Any CPU
		{511A5B59-1C35-4719-8536-23B19AF9B21A}.Release|Any CPU.ActiveCfg = Release|Any CPU
		{511A5B59-1C35-4719-8536-23B19AF9B21A}.Release|Any CPU.Build.0 = Release|Any CPU
		{7BE5B8E8-9469-4C7C-89D7-E8C884DEFC0E}.Debug|Any CPU.ActiveCfg = Debug|Any CPU
		{7BE5B8E8-9469-4C7C-89D7-E8C884DEFC0E}.Debug|Any CPU.Build.0 = Debug|Any CPU
		{7BE5B8E8-9469-4C7C-89D7-E8C884DEFC0E}.Release|Any CPU.ActiveCfg = Release|Any CPU
		{7BE5B8E8-9469-4C7C-89D7-E8C884DEFC0E}.Release|Any CPU.Build.0 = Release|Any CPU
		{DBD4656C-5F40-4067-A70B-C4460DE20F77}.Debug|Any CPU.ActiveCfg = Debug|Any CPU
		{DBD4656C-5F40-4067-A70B-C4460DE20F77}.Debug|Any CPU.Build.0 = Debug|Any CPU
		{DBD4656C-5F40-4067-A70B-C4460DE20F77}.Release|Any CPU.ActiveCfg = Release|Any CPU
		{DBD4656C-5F40-4067-A70B-C4460DE20F77}.Release|Any CPU.Build.0 = Release|Any CPU
		{36BCA2A7-EE6B-45FD-AF90-D3F76A84DA76}.Debug|Any CPU.ActiveCfg = Debug|Any CPU
		{36BCA2A7-EE6B-45FD-AF90-D3F76A84DA76}.Debug|Any CPU.Build.0 = Debug|Any CPU
		{36BCA2A7-EE6B-45FD-AF90-D3F76A84DA76}.Release|Any CPU.ActiveCfg = Release|Any CPU
		{36BCA2A7-EE6B-45FD-AF90-D3F76A84DA76}.Release|Any CPU.Build.0 = Release|Any CPU
	EndGlobalSection
	GlobalSection(SolutionProperties) = preSolution
		HideSolutionNode = FALSE
	EndGlobalSection
	GlobalSection(TestCaseManagementSettings) = postSolution
		CategoryFile = SubtitleEdit.vsmdi
	EndGlobalSection
EndGlobal
