Microsoft Visual Studio Solution File, Format Version 12.00
# Visual Studio 2013
VisualStudioVersion = 12.0.30110.0
MinimumVisualStudioVersion = 10.0.40219.1
Project("{FAE04EC0-301F-11D3-BF4B-00C04F79EFBC}") = "SubtitleEdit", "SubtitleEdit.csproj", "{511A5B59-1C35-4719-8536-23B19AF9B21A}"
	ProjectSection(ProjectDependencies) = postProject
		{DBD4656C-5F40-4067-A70B-C4460DE20F77} = {DBD4656C-5F40-4067-A70B-C4460DE20F77}
	EndProjectSection
EndProject
Project("{2150E333-8FDC-42A3-9474-1A3956D46DE8}") = "Solution Items", "Solution Items", "{766101A0-80D5-4560-BFF7-73F1559B4C47}"
	ProjectSection(SolutionItems) = preProject
		Local.testsettings = Local.testsettings
		SubtitleEdit.vsmdi = SubtitleEdit.vsmdi
		TraceAndTestImpact.testsettings = TraceAndTestImpact.testsettings
	EndProjectSection
EndProject
Project("{FAE04EC0-301F-11D3-BF4B-00C04F79EFBC}") = "Test", "Test\Test.csproj", "{7BE5B8E8-9469-4C7C-89D7-E8C884DEFC0E}"
EndProject
Project("{FAE04EC0-301F-11D3-BF4B-00C04F79EFBC}") = "UpdateAssemblyInfo", "UpdateAssemblyInfo\UpdateAssemblyInfo.csproj", "{DBD4656C-5F40-4067-A70B-C4460DE20F77}"
EndProject
Global
	GlobalSection(SolutionConfigurationPlatforms) = preSolution
		Debug|x64 = Debug|x64
		Debug|x86 = Debug|x86
		Release|x64 = Release|x64
		Release|x86 = Release|x86
	EndGlobalSection
	GlobalSection(ProjectConfigurationPlatforms) = postSolution
		{511A5B59-1C35-4719-8536-23B19AF9B21A}.Debug|x64.ActiveCfg = Debug|x64
		{511A5B59-1C35-4719-8536-23B19AF9B21A}.Debug|x64.Build.0 = Debug|x64
		{511A5B59-1C35-4719-8536-23B19AF9B21A}.Debug|x86.ActiveCfg = Debug|x86
		{511A5B59-1C35-4719-8536-23B19AF9B21A}.Debug|x86.Build.0 = Debug|x86
		{511A5B59-1C35-4719-8536-23B19AF9B21A}.Release|x64.ActiveCfg = Release|x64
		{511A5B59-1C35-4719-8536-23B19AF9B21A}.Release|x64.Build.0 = Release|x64
		{511A5B59-1C35-4719-8536-23B19AF9B21A}.Release|x86.ActiveCfg = Release|x86
		{511A5B59-1C35-4719-8536-23B19AF9B21A}.Release|x86.Build.0 = Release|x86
		{7BE5B8E8-9469-4C7C-89D7-E8C884DEFC0E}.Debug|x64.ActiveCfg = Debug|x64
		{7BE5B8E8-9469-4C7C-89D7-E8C884DEFC0E}.Debug|x64.Build.0 = Debug|x64
		{7BE5B8E8-9469-4C7C-89D7-E8C884DEFC0E}.Debug|x86.ActiveCfg = Debug|x86
		{7BE5B8E8-9469-4C7C-89D7-E8C884DEFC0E}.Debug|x86.Build.0 = Debug|x86
		{7BE5B8E8-9469-4C7C-89D7-E8C884DEFC0E}.Release|x64.ActiveCfg = Release|x64
		{7BE5B8E8-9469-4C7C-89D7-E8C884DEFC0E}.Release|x64.Build.0 = Release|x64
		{7BE5B8E8-9469-4C7C-89D7-E8C884DEFC0E}.Release|x86.ActiveCfg = Release|x86
		{7BE5B8E8-9469-4C7C-89D7-E8C884DEFC0E}.Release|x86.Build.0 = Release|x86
		{DBD4656C-5F40-4067-A70B-C4460DE20F77}.Debug|x64.ActiveCfg = Debug|x64
		{DBD4656C-5F40-4067-A70B-C4460DE20F77}.Debug|x64.Build.0 = Debug|x64
		{DBD4656C-5F40-4067-A70B-C4460DE20F77}.Debug|x86.ActiveCfg = Debug|x86
		{DBD4656C-5F40-4067-A70B-C4460DE20F77}.Debug|x86.Build.0 = Debug|x86
		{DBD4656C-5F40-4067-A70B-C4460DE20F77}.Release|x64.ActiveCfg = Release|x64
		{DBD4656C-5F40-4067-A70B-C4460DE20F77}.Release|x64.Build.0 = Release|x64
		{DBD4656C-5F40-4067-A70B-C4460DE20F77}.Release|x86.ActiveCfg = Release|x86
		{DBD4656C-5F40-4067-A70B-C4460DE20F77}.Release|x86.Build.0 = Release|x86
	EndGlobalSection
	GlobalSection(SolutionProperties) = preSolution
		HideSolutionNode = FALSE
	EndGlobalSection
	GlobalSection(TestCaseManagementSettings) = postSolution
		CategoryFile = SubtitleEdit.vsmdi
	EndGlobalSection
EndGlobal
