
Microsoft Visual Studio Solution File, Format Version 12.00
# Visual Studio Version 16
VisualStudioVersion = 16.0.29728.190
MinimumVisualStudioVersion = 14.0.23107.0
Project("{FAE04EC0-301F-11D3-BF4B-00C04F79EFBC}") = "SubtitleEdit", "SubtitleEdit.csproj", "{511A5B59-1C35-4719-8536-23B19AF9B21A}"
	ProjectSection(ProjectDependencies) = postProject
		{DBD4656C-5F40-4067-A70B-C4460DE20F77} = {DBD4656C-5F40-4067-A70B-C4460DE20F77}
	EndProjectSection
EndProject
Project("{FAE04EC0-301F-11D3-BF4B-00C04F79EFBC}") = "Test", "Test\Test.csproj", "{7BE5B8E8-9469-4C7C-89D7-E8C884DEFC0E}"
EndProject
Project("{FAE04EC0-301F-11D3-BF4B-00C04F79EFBC}") = "UpdateAssemblyInfo", "UpdateAssemblyInfo\UpdateAssemblyInfo.csproj", "{DBD4656C-5F40-4067-A70B-C4460DE20F77}"
EndProject
Project("{FAE04EC0-301F-11D3-BF4B-00C04F79EFBC}") = "UpdateLanguageFiles", "UpdateLanguageFiles\UpdateLanguageFiles.csproj", "{36BCA2A7-EE6B-45FD-AF90-D3F76A84DA76}"
EndProject
Project("{FAE04EC0-301F-11D3-BF4B-00C04F79EFBC}") = "UpdateResourceScript", "UpdateResourceScript\UpdateResourceScript.csproj", "{2CB9698C-F0A8-42FF-8938-DE047292D5FE}"
EndProject
Project("{9A19103F-16F7-4668-BE54-9A1E7A4F7556}") = "LibSE", "..\libse\LibSE.csproj", "{3E3CB28F-3A7B-430F-9EB3-0D6C1E53B753}"
	ProjectSection(ProjectDependencies) = postProject
		{DBD4656C-5F40-4067-A70B-C4460DE20F77} = {DBD4656C-5F40-4067-A70B-C4460DE20F77}
		{36BCA2A7-EE6B-45FD-AF90-D3F76A84DA76} = {36BCA2A7-EE6B-45FD-AF90-D3F76A84DA76}
	EndProjectSection
EndProject
Project("{8BC9CEB8-8B4A-11D0-8D11-00A0C91BC942}") = "Win32Resources", "Win32Resources\Win32Resources.vcxproj", "{905ACC84-B353-4313-BFE5-CCF460B959AF}"
	ProjectSection(ProjectDependencies) = postProject
		{511A5B59-1C35-4719-8536-23B19AF9B21A} = {511A5B59-1C35-4719-8536-23B19AF9B21A}
		{2CB9698C-F0A8-42FF-8938-DE047292D5FE} = {2CB9698C-F0A8-42FF-8938-DE047292D5FE}
	EndProjectSection
EndProject
Global
	GlobalSection(SolutionConfigurationPlatforms) = preSolution
		Debug|Any CPU = Debug|Any CPU
		Release|Any CPU = Release|Any CPU
	EndGlobalSection
	GlobalSection(ProjectConfigurationPlatforms) = postSolution
		{511A5B59-1C35-4719-8536-23B19AF9B21A}.Debug|Any CPU.ActiveCfg = Debug|Any CPU
		{511A5B59-1C35-4719-8536-23B19AF9B21A}.Debug|Any CPU.Build.0 = Debug|Any CPU
		{511A5B59-1C35-4719-8536-23B19AF9B21A}.Release|Any CPU.ActiveCfg = Release|Any CPU
		{511A5B59-1C35-4719-8536-23B19AF9B21A}.Release|Any CPU.Build.0 = Release|Any CPU
		{7BE5B8E8-9469-4C7C-89D7-E8C884DEFC0E}.Debug|Any CPU.ActiveCfg = Debug|Any CPU
		{7BE5B8E8-9469-4C7C-89D7-E8C884DEFC0E}.Debug|Any CPU.Build.0 = Debug|Any CPU
		{7BE5B8E8-9469-4C7C-89D7-E8C884DEFC0E}.Release|Any CPU.ActiveCfg = Release|Any CPU
		{7BE5B8E8-9469-4C7C-89D7-E8C884DEFC0E}.Release|Any CPU.Build.0 = Release|Any CPU
		{DBD4656C-5F40-4067-A70B-C4460DE20F77}.Debug|Any CPU.ActiveCfg = Debug|Any CPU
		{DBD4656C-5F40-4067-A70B-C4460DE20F77}.Debug|Any CPU.Build.0 = Debug|Any CPU
		{DBD4656C-5F40-4067-A70B-C4460DE20F77}.Release|Any CPU.ActiveCfg = Release|Any CPU
		{DBD4656C-5F40-4067-A70B-C4460DE20F77}.Release|Any CPU.Build.0 = Release|Any CPU
		{36BCA2A7-EE6B-45FD-AF90-D3F76A84DA76}.Debug|Any CPU.ActiveCfg = Debug|Any CPU
		{36BCA2A7-EE6B-45FD-AF90-D3F76A84DA76}.Debug|Any CPU.Build.0 = Debug|Any CPU
		{36BCA2A7-EE6B-45FD-AF90-D3F76A84DA76}.Release|Any CPU.ActiveCfg = Release|Any CPU
		{36BCA2A7-EE6B-45FD-AF90-D3F76A84DA76}.Release|Any CPU.Build.0 = Release|Any CPU
		{2CB9698C-F0A8-42FF-8938-DE047292D5FE}.Debug|Any CPU.ActiveCfg = Debug|Any CPU
		{2CB9698C-F0A8-42FF-8938-DE047292D5FE}.Release|Any CPU.ActiveCfg = Release|Any CPU
		{2CB9698C-F0A8-42FF-8938-DE047292D5FE}.Release|Any CPU.Build.0 = Release|Any CPU
		{3E3CB28F-3A7B-430F-9EB3-0D6C1E53B753}.Debug|Any CPU.ActiveCfg = Debug|Any CPU
		{3E3CB28F-3A7B-430F-9EB3-0D6C1E53B753}.Debug|Any CPU.Build.0 = Debug|Any CPU
		{3E3CB28F-3A7B-430F-9EB3-0D6C1E53B753}.Release|Any CPU.ActiveCfg = Release|Any CPU
		{3E3CB28F-3A7B-430F-9EB3-0D6C1E53B753}.Release|Any CPU.Build.0 = Release|Any CPU
		{905ACC84-B353-4313-BFE5-CCF460B959AF}.Debug|Any CPU.ActiveCfg = Debug|Win32
		{905ACC84-B353-4313-BFE5-CCF460B959AF}.Release|Any CPU.ActiveCfg = Release|Win32
		{905ACC84-B353-4313-BFE5-CCF460B959AF}.Release|Any CPU.Build.0 = Release|Win32
	EndGlobalSection
	GlobalSection(SolutionProperties) = preSolution
		HideSolutionNode = FALSE
	EndGlobalSection
	GlobalSection(ExtensibilityGlobals) = postSolution
		SolutionGuid = {E12BDE22-B6A4-4AB6-AF96-F3C0F89C15EC}
	EndGlobalSection
	GlobalSection(TestCaseManagementSettings) = postSolution
		CategoryFile = SubtitleEdit.vsmdi
	EndGlobalSection
EndGlobal
